// !$*UTF8*$!
{
	archiveVersion = 1;
	classes = {
	};
	objectVersion = 56;
	objects = {

/* Begin PBXBuildFile section */
		BBDC74A32BCC0A85008B0B97 /* AppDelegate.swift in Sources */ = {isa = PBXBuildFile; fileRef = BBDC74A22BCC0A85008B0B97 /* AppDelegate.swift */; };
		BBDC74A52BCC0A85008B0B97 /* SceneDelegate.swift in Sources */ = {isa = PBXBuildFile; fileRef = BBDC74A42BCC0A85008B0B97 /* SceneDelegate.swift */; };
		BBDC74A72BCC0A85008B0B97 /* HomeVC.swift in Sources */ = {isa = PBXBuildFile; fileRef = BBDC74A62BCC0A85008B0B97 /* HomeVC.swift */; };
		BBDC74AC2BCC0A88008B0B97 /* Assets.xcassets in Resources */ = {isa = PBXBuildFile; fileRef = BBDC74AB2BCC0A88008B0B97 /* Assets.xcassets */; };
		BBDC74AF2BCC0A88008B0B97 /* LaunchScreen.storyboard in Resources */ = {isa = PBXBuildFile; fileRef = BBDC74AD2BCC0A88008B0B97 /* LaunchScreen.storyboard */; };
		BBDC74B72BCC0B47008B0B97 /* HomeScreen.swift in Sources */ = {isa = PBXBuildFile; fileRef = BBDC74B62BCC0B47008B0B97 /* HomeScreen.swift */; };
		BBDC74BA2BCC1070008B0B97 /* SelectionScreen.swift in Sources */ = {isa = PBXBuildFile; fileRef = BBDC74B92BCC1070008B0B97 /* SelectionScreen.swift */; };
		BBDC74BC2BCC107E008B0B97 /* SelectionVC.swift in Sources */ = {isa = PBXBuildFile; fileRef = BBDC74BB2BCC107E008B0B97 /* SelectionVC.swift */; };
/* End PBXBuildFile section */

/* Begin PBXFileReference section */
		BBDC749F2BCC0A85008B0B97 /* NotificationCenterExercise.app */ = {isa = PBXFileReference; explicitFileType = wrapper.application; includeInIndex = 0; path = NotificationCenterExercise.app; sourceTree = BUILT_PRODUCTS_DIR; };
		BBDC74A22BCC0A85008B0B97 /* AppDelegate.swift */ = {isa = PBXFileReference; lastKnownFileType = sourcecode.swift; path = AppDelegate.swift; sourceTree = "<group>"; };
		BBDC74A42BCC0A85008B0B97 /* SceneDelegate.swift */ = {isa = PBXFileReference; lastKnownFileType = sourcecode.swift; path = SceneDelegate.swift; sourceTree = "<group>"; };
		BBDC74A62BCC0A85008B0B97 /* HomeVC.swift */ = {isa = PBXFileReference; lastKnownFileType = sourcecode.swift; path = HomeVC.swift; sourceTree = "<group>"; };
		BBDC74AB2BCC0A88008B0B97 /* Assets.xcassets */ = {isa = PBXFileReference; lastKnownFileType = folder.assetcatalog; path = Assets.xcassets; sourceTree = "<group>"; };
		BBDC74AE2BCC0A88008B0B97 /* Base */ = {isa = PBXFileReference; lastKnownFileType = file.storyboard; name = Base; path = Base.lproj/LaunchScreen.storyboard; sourceTree = "<group>"; };
		BBDC74B02BCC0A88008B0B97 /* Info.plist */ = {isa = PBXFileReference; lastKnownFileType = text.plist.xml; path = Info.plist; sourceTree = "<group>"; };
		BBDC74B62BCC0B47008B0B97 /* HomeScreen.swift */ = {isa = PBXFileReference; lastKnownFileType = sourcecode.swift; path = HomeScreen.swift; sourceTree = "<group>"; };
		BBDC74B92BCC1070008B0B97 /* SelectionScreen.swift */ = {isa = PBXFileReference; lastKnownFileType = sourcecode.swift; path = SelectionScreen.swift; sourceTree = "<group>"; };
		BBDC74BB2BCC107E008B0B97 /* SelectionVC.swift */ = {isa = PBXFileReference; lastKnownFileType = sourcecode.swift; path = SelectionVC.swift; sourceTree = "<group>"; };
/* End PBXFileReference section */

/* Begin PBXFrameworksBuildPhase section */
		BBDC749C2BCC0A85008B0B97 /* Frameworks */ = {
			isa = PBXFrameworksBuildPhase;
			buildActionMask = 2147483647;
			files = (
			);
			runOnlyForDeploymentPostprocessing = 0;
		};
/* End PBXFrameworksBuildPhase section */

/* Begin PBXGroup section */
		BBDC74962BCC0A85008B0B97 = {
			isa = PBXGroup;
			children = (
				BBDC74A12BCC0A85008B0B97 /* NotificationCenterExercise */,
				BBDC74A02BCC0A85008B0B97 /* Products */,
			);
			sourceTree = "<group>";
		};
		BBDC74A02BCC0A85008B0B97 /* Products */ = {
			isa = PBXGroup;
			children = (
				BBDC749F2BCC0A85008B0B97 /* NotificationCenterExercise.app */,
			);
			name = Products;
			sourceTree = "<group>";
		};
		BBDC74A12BCC0A85008B0B97 /* NotificationCenterExercise */ = {
			isa = PBXGroup;
			children = (
				BBDC74B82BCC105C008B0B97 /* Selection */,
				BBDC74A22BCC0A85008B0B97 /* AppDelegate.swift */,
				BBDC74A42BCC0A85008B0B97 /* SceneDelegate.swift */,
				BBDC74A62BCC0A85008B0B97 /* HomeVC.swift */,
				BBDC74B62BCC0B47008B0B97 /* HomeScreen.swift */,
				BBDC74AB2BCC0A88008B0B97 /* Assets.xcassets */,
				BBDC74AD2BCC0A88008B0B97 /* LaunchScreen.storyboard */,
				BBDC74B02BCC0A88008B0B97 /* Info.plist */,
			);
			path = NotificationCenterExercise;
			sourceTree = "<group>";
		};
		BBDC74B82BCC105C008B0B97 /* Selection */ = {
			isa = PBXGroup;
			children = (
				BBDC74B92BCC1070008B0B97 /* SelectionScreen.swift */,
				BBDC74BB2BCC107E008B0B97 /* SelectionVC.swift */,
			);
			path = Selection;
			sourceTree = "<group>";
		};
/* End PBXGroup section */

/* Begin PBXNativeTarget section */
		BBDC749E2BCC0A85008B0B97 /* NotificationCenterExercise */ = {
			isa = PBXNativeTarget;
			buildConfigurationList = BBDC74B32BCC0A88008B0B97 /* Build configuration list for PBXNativeTarget "NotificationCenterExercise" */;
			buildPhases = (
				BBDC749B2BCC0A85008B0B97 /* Sources */,
				BBDC749C2BCC0A85008B0B97 /* Frameworks */,
				BBDC749D2BCC0A85008B0B97 /* Resources */,
			);
			buildRules = (
			);
			dependencies = (
			);
			name = NotificationCenterExercise;
			productName = NotificationCenterExercise;
			productReference = BBDC749F2BCC0A85008B0B97 /* NotificationCenterExercise.app */;
			productType = "com.apple.product-type.application";
		};
/* End PBXNativeTarget section */

/* Begin PBXProject section */
		BBDC74972BCC0A85008B0B97 /* Project object */ = {
			isa = PBXProject;
			attributes = {
				BuildIndependentTargetsInParallel = 1;
				LastSwiftUpdateCheck = 1520;
				LastUpgradeCheck = 1520;
				TargetAttributes = {
					BBDC749E2BCC0A85008B0B97 = {
						CreatedOnToolsVersion = 15.2;
					};
				};
			};
			buildConfigurationList = BBDC749A2BCC0A85008B0B97 /* Build configuration list for PBXProject "NotificationCenterExercise" */;
			compatibilityVersion = "Xcode 14.0";
			developmentRegion = en;
			hasScannedForEncodings = 0;
			knownRegions = (
				en,
				Base,
			);
			mainGroup = BBDC74962BCC0A85008B0B97;
			productRefGroup = BBDC74A02BCC0A85008B0B97 /* Products */;
			projectDirPath = "";
			projectRoot = "";
			targets = (
				BBDC749E2BCC0A85008B0B97 /* NotificationCenterExercise */,
			);
		};
/* End PBXProject section */

/* Begin PBXResourcesBuildPhase section */
		BBDC749D2BCC0A85008B0B97 /* Resources */ = {
			isa = PBXResourcesBuildPhase;
			buildActionMask = 2147483647;
			files = (
				BBDC74AF2BCC0A88008B0B97 /* LaunchScreen.storyboard in Resources */,
				BBDC74AC2BCC0A88008B0B97 /* Assets.xcassets in Resources */,
			);
			runOnlyForDeploymentPostprocessing = 0;
		};
/* End PBXResourcesBuildPhase section */

/* Begin PBXSourcesBuildPhase section */
		BBDC749B2BCC0A85008B0B97 /* Sources */ = {
			isa = PBXSourcesBuildPhase;
			buildActionMask = 2147483647;
			files = (
				BBDC74B72BCC0B47008B0B97 /* HomeScreen.swift in Sources */,
				BBDC74BC2BCC107E008B0B97 /* SelectionVC.swift in Sources */,
				BBDC74A72BCC0A85008B0B97 /* HomeVC.swift in Sources */,
				BBDC74A32BCC0A85008B0B97 /* AppDelegate.swift in Sources */,
				BBDC74BA2BCC1070008B0B97 /* SelectionScreen.swift in Sources */,
				BBDC74A52BCC0A85008B0B97 /* SceneDelegate.swift in Sources */,
			);
			runOnlyForDeploymentPostprocessing = 0;
		};
/* End PBXSourcesBuildPhase section */

/* Begin PBXVariantGroup section */
		BBDC74AD2BCC0A88008B0B97 /* LaunchScreen.storyboard */ = {
			isa = PBXVariantGroup;
			children = (
				BBDC74AE2BCC0A88008B0B97 /* Base */,
			);
			name = LaunchScreen.storyboard;
			sourceTree = "<group>";
		};
/* End PBXVariantGroup section */

/* Begin XCBuildConfiguration section */
		BBDC74B12BCC0A88008B0B97 /* Debug */ = {
			isa = XCBuildConfiguration;
			buildSettings = {
				ALWAYS_SEARCH_USER_PATHS = NO;
				ASSETCATALOG_COMPILER_GENERATE_SWIFT_ASSET_SYMBOL_EXTENSIONS = YES;
				CLANG_ANALYZER_NONNULL = YES;
				CLANG_ANALYZER_NUMBER_OBJECT_CONVERSION = YES_AGGRESSIVE;
				CLANG_CXX_LANGUAGE_STANDARD = "gnu++20";
				CLANG_ENABLE_MODULES = YES;
				CLANG_ENABLE_OBJC_ARC = YES;
				CLANG_ENABLE_OBJC_WEAK = YES;
				CLANG_WARN_BLOCK_CAPTURE_AUTORELEASING = YES;
				CLANG_WARN_BOOL_CONVERSION = YES;
				CLANG_WARN_COMMA = YES;
				CLANG_WARN_CONSTANT_CONVERSION = YES;
				CLANG_WARN_DEPRECATED_OBJC_IMPLEMENTATIONS = YES;
				CLANG_WARN_DIRECT_OBJC_ISA_USAGE = YES_ERROR;
				CLANG_WARN_DOCUMENTATION_COMMENTS = YES;
				CLANG_WARN_EMPTY_BODY = YES;
				CLANG_WARN_ENUM_CONVERSION = YES;
				CLANG_WARN_INFINITE_RECURSION = YES;
				CLANG_WARN_INT_CONVERSION = YES;
				CLANG_WARN_NON_LITERAL_NULL_CONVERSION = YES;
				CLANG_WARN_OBJC_IMPLICIT_RETAIN_SELF = YES;
				CLANG_WARN_OBJC_LITERAL_CONVERSION = YES;
				CLANG_WARN_OBJC_ROOT_CLASS = YES_ERROR;
				CLANG_WARN_QUOTED_INCLUDE_IN_FRAMEWORK_HEADER = YES;
				CLANG_WARN_RANGE_LOOP_ANALYSIS = YES;
				CLANG_WARN_STRICT_PROTOTYPES = YES;
				CLANG_WARN_SUSPICIOUS_MOVE = YES;
				CLANG_WARN_UNGUARDED_AVAILABILITY = YES_AGGRESSIVE;
				CLANG_WARN_UNREACHABLE_CODE = YES;
				CLANG_WARN__DUPLICATE_METHOD_MATCH = YES;
				COPY_PHASE_STRIP = NO;
				DEBUG_INFORMATION_FORMAT = dwarf;
				ENABLE_STRICT_OBJC_MSGSEND = YES;
				ENABLE_TESTABILITY = YES;
				ENABLE_USER_SCRIPT_SANDBOXING = YES;
				GCC_C_LANGUAGE_STANDARD = gnu17;
				GCC_DYNAMIC_NO_PIC = NO;
				GCC_NO_COMMON_BLOCKS = YES;
				GCC_OPTIMIZATION_LEVEL = 0;
				GCC_PREPROCESSOR_DEFINITIONS = (
					"DEBUG=1",
					"$(inherited)",
				);
				GCC_WARN_64_TO_32_BIT_CONVERSION = YES;
				GCC_WARN_ABOUT_RETURN_TYPE = YES_ERROR;
				GCC_WARN_UNDECLARED_SELECTOR = YES;
				GCC_WARN_UNINITIALIZED_AUTOS = YES_AGGRESSIVE;
				GCC_WARN_UNUSED_FUNCTION = YES;
				GCC_WARN_UNUSED_VARIABLE = YES;
				IPHONEOS_DEPLOYMENT_TARGET = 17.2;
				LOCALIZATION_PREFERS_STRING_CATALOGS = YES;
				MTL_ENABLE_DEBUG_INFO = INCLUDE_SOURCE;
				MTL_FAST_MATH = YES;
				ONLY_ACTIVE_ARCH = YES;
				SDKROOT = iphoneos;
				SWIFT_ACTIVE_COMPILATION_CONDITIONS = "DEBUG $(inherited)";
				SWIFT_OPTIMIZATION_LEVEL = "-Onone";
			};
			name = Debug;
		};
		BBDC74B22BCC0A88008B0B97 /* Release */ = {
			isa = XCBuildConfiguration;
			buildSettings = {
				ALWAYS_SEARCH_USER_PATHS = NO;
				ASSETCATALOG_COMPILER_GENERATE_SWIFT_ASSET_SYMBOL_EXTENSIONS = YES;
				CLANG_ANALYZER_NONNULL = YES;
				CLANG_ANALYZER_NUMBER_OBJECT_CONVERSION = YES_AGGRESSIVE;
				CLANG_CXX_LANGUAGE_STANDARD = "gnu++20";
				CLANG_ENABLE_MODULES = YES;
				CLANG_ENABLE_OBJC_ARC = YES;
				CLANG_ENABLE_OBJC_WEAK = YES;
				CLANG_WARN_BLOCK_CAPTURE_AUTORELEASING = YES;
				CLANG_WARN_BOOL_CONVERSION = YES;
				CLANG_WARN_COMMA = YES;
				CLANG_WARN_CONSTANT_CONVERSION = YES;
				CLANG_WARN_DEPRECATED_OBJC_IMPLEMENTATIONS = YES;
				CLANG_WARN_DIRECT_OBJC_ISA_USAGE = YES_ERROR;
				CLANG_WARN_DOCUMENTATION_COMMENTS = YES;
				CLANG_WARN_EMPTY_BODY = YES;
				CLANG_WARN_ENUM_CONVERSION = YES;
				CLANG_WARN_INFINITE_RECURSION = YES;
				CLANG_WARN_INT_CONVERSION = YES;
				CLANG_WARN_NON_LITERAL_NULL_CONVERSION = YES;
				CLANG_WARN_OBJC_IMPLICIT_RETAIN_SELF = YES;
				CLANG_WARN_OBJC_LITERAL_CONVERSION = YES;
				CLANG_WARN_OBJC_ROOT_CLASS = YES_ERROR;
				CLANG_WARN_QUOTED_INCLUDE_IN_FRAMEWORK_HEADER = YES;
				CLANG_WARN_RANGE_LOOP_ANALYSIS = YES;
				CLANG_WARN_STRICT_PROTOTYPES = YES;
				CLANG_WARN_SUSPICIOUS_MOVE = YES;
				CLANG_WARN_UNGUARDED_AVAILABILITY = YES_AGGRESSIVE;
				CLANG_WARN_UNREACHABLE_CODE = YES;
				CLANG_WARN__DUPLICATE_METHOD_MATCH = YES;
				COPY_PHASE_STRIP = NO;
				DEBUG_INFORMATION_FORMAT = "dwarf-with-dsym";
				ENABLE_NS_ASSERTIONS = NO;
				ENABLE_STRICT_OBJC_MSGSEND = YES;
				ENABLE_USER_SCRIPT_SANDBOXING = YES;
				GCC_C_LANGUAGE_STANDARD = gnu17;
				GCC_NO_COMMON_BLOCKS = YES;
				GCC_WARN_64_TO_32_BIT_CONVERSION = YES;
				GCC_WARN_ABOUT_RETURN_TYPE = YES_ERROR;
				GCC_WARN_UNDECLARED_SELECTOR = YES;
				GCC_WARN_UNINITIALIZED_AUTOS = YES_AGGRESSIVE;
				GCC_WARN_UNUSED_FUNCTION = YES;
				GCC_WARN_UNUSED_VARIABLE = YES;
				IPHONEOS_DEPLOYMENT_TARGET = 17.2;
				LOCALIZATION_PREFERS_STRING_CATALOGS = YES;
				MTL_ENABLE_DEBUG_INFO = NO;
				MTL_FAST_MATH = YES;
				SDKROOT = iphoneos;
				SWIFT_COMPILATION_MODE = wholemodule;
				VALIDATE_PRODUCT = YES;
			};
			name = Release;
		};
		BBDC74B42BCC0A88008B0B97 /* Debug */ = {
			isa = XCBuildConfiguration;
			buildSettings = {
				ASSETCATALOG_COMPILER_APPICON_NAME = AppIcon;
				ASSETCATALOG_COMPILER_GLOBAL_ACCENT_COLOR_NAME = AccentColor;
				CODE_SIGN_STYLE = Automatic;
				CURRENT_PROJECT_VERSION = 1;
				DEVELOPMENT_TEAM = Q9FMLRW284;
				GENERATE_INFOPLIST_FILE = YES;
				INFOPLIST_FILE = NotificationCenterExercise/Info.plist;
				INFOPLIST_KEY_UIApplicationSupportsIndirectInputEvents = YES;
				INFOPLIST_KEY_UILaunchStoryboardName = LaunchScreen;
				INFOPLIST_KEY_UIMainStoryboardFile = "";
				INFOPLIST_KEY_UISupportedInterfaceOrientations_iPad = "UIInterfaceOrientationPortrait UIInterfaceOrientationPortraitUpsideDown UIInterfaceOrientationLandscapeLeft UIInterfaceOrientationLandscapeRight";
				INFOPLIST_KEY_UISupportedInterfaceOrientations_iPhone = "UIInterfaceOrientationPortrait UIInterfaceOrientationLandscapeLeft UIInterfaceOrientationLandscapeRight";
				LD_RUNPATH_SEARCH_PATHS = (
					"$(inherited)",
					"@executable_path/Frameworks",
				);
				MARKETING_VERSION = 1.0;
				PRODUCT_BUNDLE_IDENTIFIER = com.hoffmann.NotificationCenterExercise;
				PRODUCT_NAME = "$(TARGET_NAME)";
				SWIFT_EMIT_LOC_STRINGS = YES;
				SWIFT_VERSION = 5.0;
				TARGETED_DEVICE_FAMILY = "1,2";
			};
			name = Debug;
		};
		BBDC74B52BCC0A88008B0B97 /* Release */ = {
			isa = XCBuildConfiguration;
			buildSettings = {
				ASSETCATALOG_COMPILER_APPICON_NAME = AppIcon;
				ASSETCATALOG_COMPILER_GLOBAL_ACCENT_COLOR_NAME = AccentColor;
				CODE_SIGN_STYLE = Automatic;
				CURRENT_PROJECT_VERSION = 1;
				DEVELOPMENT_TEAM = Q9FMLRW284;
				GENERATE_INFOPLIST_FILE = YES;
				INFOPLIST_FILE = NotificationCenterExercise/Info.plist;
				INFOPLIST_KEY_UIApplicationSupportsIndirectInputEvents = YES;
				INFOPLIST_KEY_UILaunchStoryboardName = LaunchScreen;
				INFOPLIST_KEY_UIMainStoryboardFile = "";
				INFOPLIST_KEY_UISupportedInterfaceOrientations_iPad = "UIInterfaceOrientationPortrait UIInterfaceOrientationPortraitUpsideDown UIInterfaceOrientationLandscapeLeft UIInterfaceOrientationLandscapeRight";
				INFOPLIST_KEY_UISupportedInterfaceOrientations_iPhone = "UIInterfaceOrientationPortrait UIInterfaceOrientationLandscapeLeft UIInterfaceOrientationLandscapeRight";
				LD_RUNPATH_SEARCH_PATHS = (
					"$(inherited)",
					"@executable_path/Frameworks",
				);
				MARKETING_VERSION = 1.0;
				PRODUCT_BUNDLE_IDENTIFIER = com.hoffmann.NotificationCenterExercise;
				PRODUCT_NAME = "$(TARGET_NAME)";
				SWIFT_EMIT_LOC_STRINGS = YES;
				SWIFT_VERSION = 5.0;
				TARGETED_DEVICE_FAMILY = "1,2";
			};
			name = Release;
		};
/* End XCBuildConfiguration section */

/* Begin XCConfigurationList section */
		BBDC749A2BCC0A85008B0B97 /* Build configuration list for PBXProject "NotificationCenterExercise" */ = {
			isa = XCConfigurationList;
			buildConfigurations = (
				BBDC74B12BCC0A88008B0B97 /* Debug */,
				BBDC74B22BCC0A88008B0B97 /* Release */,
			);
			defaultConfigurationIsVisible = 0;
			defaultConfigurationName = Release;
		};
		BBDC74B32BCC0A88008B0B97 /* Build configuration list for PBXNativeTarget "NotificationCenterExercise" */ = {
			isa = XCConfigurationList;
			buildConfigurations = (
				BBDC74B42BCC0A88008B0B97 /* Debug */,
				BBDC74B52BCC0A88008B0B97 /* Release */,
			);
			defaultConfigurationIsVisible = 0;
			defaultConfigurationName = Release;
		};
/* End XCConfigurationList section */
	};
	rootObject = BBDC74972BCC0A85008B0B97 /* Project object */;
}
