// !$*UTF8*$!
{
	archiveVersion = 1;
	classes = {
	};
	objectVersion = 56;
	objects = {

/* Begin PBXBuildFile section */
		BB72F5042BBABA6D00E70AE0 /* AppDelegate.swift in Sources */ = {isa = PBXBuildFile; fileRef = BB72F5032BBABA6D00E70AE0 /* AppDelegate.swift */; };
		BB72F5062BBABA6D00E70AE0 /* SceneDelegate.swift in Sources */ = {isa = PBXBuildFile; fileRef = BB72F5052BBABA6D00E70AE0 /* SceneDelegate.swift */; };
		BB72F5082BBABA6D00E70AE0 /* ViewController.swift in Sources */ = {isa = PBXBuildFile; fileRef = BB72F5072BBABA6D00E70AE0 /* ViewController.swift */; };
		BB72F50B2BBABA6D00E70AE0 /* Main.storyboard in Resources */ = {isa = PBXBuildFile; fileRef = BB72F5092BBABA6D00E70AE0 /* Main.storyboard */; };
		BB72F50D2BBABA7000E70AE0 /* Assets.xcassets in Resources */ = {isa = PBXBuildFile; fileRef = BB72F50C2BBABA7000E70AE0 /* Assets.xcassets */; };
		BB72F5102BBABA7000E70AE0 /* LaunchScreen.storyboard in Resources */ = {isa = PBXBuildFile; fileRef = BB72F50E2BBABA7000E70AE0 /* LaunchScreen.storyboard */; };
		BB72F51A2BBABC2B00E70AE0 /* CustomTableViewCell.swift in Sources */ = {isa = PBXBuildFile; fileRef = BB72F5182BBABC2B00E70AE0 /* CustomTableViewCell.swift */; };
		BB72F51B2BBABC2B00E70AE0 /* CustomTableViewCell.xib in Resources */ = {isa = PBXBuildFile; fileRef = BB72F5192BBABC2B00E70AE0 /* CustomTableViewCell.xib */; };
		BB72F51E2BBACCF200E70AE0 /* Car.swift in Sources */ = {isa = PBXBuildFile; fileRef = BB72F51D2BBACCF200E70AE0 /* Car.swift */; };
/* End PBXBuildFile section */

/* Begin PBXFileReference section */
		BB72F5002BBABA6D00E70AE0 /* SimpleTableViewChallenge.app */ = {isa = PBXFileReference; explicitFileType = wrapper.application; includeInIndex = 0; path = SimpleTableViewChallenge.app; sourceTree = BUILT_PRODUCTS_DIR; };
		BB72F5032BBABA6D00E70AE0 /* AppDelegate.swift */ = {isa = PBXFileReference; lastKnownFileType = sourcecode.swift; path = AppDelegate.swift; sourceTree = "<group>"; };
		BB72F5052BBABA6D00E70AE0 /* SceneDelegate.swift */ = {isa = PBXFileReference; lastKnownFileType = sourcecode.swift; path = SceneDelegate.swift; sourceTree = "<group>"; };
		BB72F5072BBABA6D00E70AE0 /* ViewController.swift */ = {isa = PBXFileReference; lastKnownFileType = sourcecode.swift; path = ViewController.swift; sourceTree = "<group>"; };
		BB72F50A2BBABA6D00E70AE0 /* Base */ = {isa = PBXFileReference; lastKnownFileType = file.storyboard; name = Base; path = Base.lproj/Main.storyboard; sourceTree = "<group>"; };
		BB72F50C2BBABA7000E70AE0 /* Assets.xcassets */ = {isa = PBXFileReference; lastKnownFileType = folder.assetcatalog; path = Assets.xcassets; sourceTree = "<group>"; };
		BB72F50F2BBABA7000E70AE0 /* Base */ = {isa = PBXFileReference; lastKnownFileType = file.storyboard; name = Base; path = Base.lproj/LaunchScreen.storyboard; sourceTree = "<group>"; };
		BB72F5112BBABA7000E70AE0 /* Info.plist */ = {isa = PBXFileReference; lastKnownFileType = text.plist.xml; path = Info.plist; sourceTree = "<group>"; };
		BB72F5182BBABC2B00E70AE0 /* CustomTableViewCell.swift */ = {isa = PBXFileReference; lastKnownFileType = sourcecode.swift; path = CustomTableViewCell.swift; sourceTree = "<group>"; };
		BB72F5192BBABC2B00E70AE0 /* CustomTableViewCell.xib */ = {isa = PBXFileReference; lastKnownFileType = file.xib; path = CustomTableViewCell.xib; sourceTree = "<group>"; };
		BB72F51D2BBACCF200E70AE0 /* Car.swift */ = {isa = PBXFileReference; lastKnownFileType = sourcecode.swift; path = Car.swift; sourceTree = "<group>"; };
/* End PBXFileReference section */

/* Begin PBXFrameworksBuildPhase section */
		BB72F4FD2BBABA6D00E70AE0 /* Frameworks */ = {
			isa = PBXFrameworksBuildPhase;
			buildActionMask = 2147483647;
			files = (
			);
			runOnlyForDeploymentPostprocessing = 0;
		};
/* End PBXFrameworksBuildPhase section */

/* Begin PBXGroup section */
		BB72F4F72BBABA6D00E70AE0 = {
			isa = PBXGroup;
			children = (
				BB72F5022BBABA6D00E70AE0 /* SimpleTableViewChallenge */,
				BB72F5012BBABA6D00E70AE0 /* Products */,
			);
			sourceTree = "<group>";
		};
		BB72F5012BBABA6D00E70AE0 /* Products */ = {
			isa = PBXGroup;
			children = (
				BB72F5002BBABA6D00E70AE0 /* SimpleTableViewChallenge.app */,
			);
			name = Products;
			sourceTree = "<group>";
		};
		BB72F5022BBABA6D00E70AE0 /* SimpleTableViewChallenge */ = {
			isa = PBXGroup;
			children = (
				BB72F51C2BBACCCE00E70AE0 /* Model */,
				BB72F5172BBABC1A00E70AE0 /* UITableViewCell */,
				BB72F5032BBABA6D00E70AE0 /* AppDelegate.swift */,
				BB72F5052BBABA6D00E70AE0 /* SceneDelegate.swift */,
				BB72F5072BBABA6D00E70AE0 /* ViewController.swift */,
				BB72F5092BBABA6D00E70AE0 /* Main.storyboard */,
				BB72F50C2BBABA7000E70AE0 /* Assets.xcassets */,
				BB72F50E2BBABA7000E70AE0 /* LaunchScreen.storyboard */,
				BB72F5112BBABA7000E70AE0 /* Info.plist */,
			);
			path = SimpleTableViewChallenge;
			sourceTree = "<group>";
		};
		BB72F5172BBABC1A00E70AE0 /* UITableViewCell */ = {
			isa = PBXGroup;
			children = (
				BB72F5182BBABC2B00E70AE0 /* CustomTableViewCell.swift */,
				BB72F5192BBABC2B00E70AE0 /* CustomTableViewCell.xib */,
			);
			path = UITableViewCell;
			sourceTree = "<group>";
		};
		BB72F51C2BBACCCE00E70AE0 /* Model */ = {
			isa = PBXGroup;
			children = (
				BB72F51D2BBACCF200E70AE0 /* Car.swift */,
			);
			path = Model;
			sourceTree = "<group>";
		};
/* End PBXGroup section */

/* Begin PBXNativeTarget section */
		BB72F4FF2BBABA6D00E70AE0 /* SimpleTableViewChallenge */ = {
			isa = PBXNativeTarget;
			buildConfigurationList = BB72F5142BBABA7000E70AE0 /* Build configuration list for PBXNativeTarget "SimpleTableViewChallenge" */;
			buildPhases = (
				BB72F4FC2BBABA6D00E70AE0 /* Sources */,
				BB72F4FD2BBABA6D00E70AE0 /* Frameworks */,
				BB72F4FE2BBABA6D00E70AE0 /* Resources */,
			);
			buildRules = (
			);
			dependencies = (
			);
			name = SimpleTableViewChallenge;
			productName = SimpleTableViewChallenge;
			productReference = BB72F5002BBABA6D00E70AE0 /* SimpleTableViewChallenge.app */;
			productType = "com.apple.product-type.application";
		};
/* End PBXNativeTarget section */

/* Begin PBXProject section */
		BB72F4F82BBABA6D00E70AE0 /* Project object */ = {
			isa = PBXProject;
			attributes = {
				BuildIndependentTargetsInParallel = 1;
				LastSwiftUpdateCheck = 1520;
				LastUpgradeCheck = 1520;
				TargetAttributes = {
					BB72F4FF2BBABA6D00E70AE0 = {
						CreatedOnToolsVersion = 15.2;
					};
				};
			};
			buildConfigurationList = BB72F4FB2BBABA6D00E70AE0 /* Build configuration list for PBXProject "SimpleTableViewChallenge" */;
			compatibilityVersion = "Xcode 14.0";
			developmentRegion = en;
			hasScannedForEncodings = 0;
			knownRegions = (
				en,
				Base,
			);
			mainGroup = BB72F4F72BBABA6D00E70AE0;
			productRefGroup = BB72F5012BBABA6D00E70AE0 /* Products */;
			projectDirPath = "";
			projectRoot = "";
			targets = (
				BB72F4FF2BBABA6D00E70AE0 /* SimpleTableViewChallenge */,
			);
		};
/* End PBXProject section */

/* Begin PBXResourcesBuildPhase section */
		BB72F4FE2BBABA6D00E70AE0 /* Resources */ = {
			isa = PBXResourcesBuildPhase;
			buildActionMask = 2147483647;
			files = (
				BB72F5102BBABA7000E70AE0 /* LaunchScreen.storyboard in Resources */,
				BB72F50D2BBABA7000E70AE0 /* Assets.xcassets in Resources */,
				BB72F51B2BBABC2B00E70AE0 /* CustomTableViewCell.xib in Resources */,
				BB72F50B2BBABA6D00E70AE0 /* Main.storyboard in Resources */,
			);
			runOnlyForDeploymentPostprocessing = 0;
		};
/* End PBXResourcesBuildPhase section */

/* Begin PBXSourcesBuildPhase section */
		BB72F4FC2BBABA6D00E70AE0 /* Sources */ = {
			isa = PBXSourcesBuildPhase;
			buildActionMask = 2147483647;
			files = (
				BB72F5082BBABA6D00E70AE0 /* ViewController.swift in Sources */,
				BB72F5042BBABA6D00E70AE0 /* AppDelegate.swift in Sources */,
				BB72F51E2BBACCF200E70AE0 /* Car.swift in Sources */,
				BB72F51A2BBABC2B00E70AE0 /* CustomTableViewCell.swift in Sources */,
				BB72F5062BBABA6D00E70AE0 /* SceneDelegate.swift in Sources */,
			);
			runOnlyForDeploymentPostprocessing = 0;
		};
/* End PBXSourcesBuildPhase section */

/* Begin PBXVariantGroup section */
		BB72F5092BBABA6D00E70AE0 /* Main.storyboard */ = {
			isa = PBXVariantGroup;
			children = (
				BB72F50A2BBABA6D00E70AE0 /* Base */,
			);
			name = Main.storyboard;
			sourceTree = "<group>";
		};
		BB72F50E2BBABA7000E70AE0 /* LaunchScreen.storyboard */ = {
			isa = PBXVariantGroup;
			children = (
				BB72F50F2BBABA7000E70AE0 /* Base */,
			);
			name = LaunchScreen.storyboard;
			sourceTree = "<group>";
		};
/* End PBXVariantGroup section */

/* Begin XCBuildConfiguration section */
		BB72F5122BBABA7000E70AE0 /* Debug */ = {
			isa = XCBuildConfiguration;
			buildSettings = {
				ALWAYS_SEARCH_USER_PATHS = NO;
				ASSETCATALOG_COMPILER_GENERATE_SWIFT_ASSET_SYMBOL_EXTENSIONS = YES;
				CLANG_ANALYZER_NONNULL = YES;
				CLANG_ANALYZER_NUMBER_OBJECT_CONVERSION = YES_AGGRESSIVE;
				CLANG_CXX_LANGUAGE_STANDARD = "gnu++20";
				CLANG_ENABLE_MODULES = YES;
				CLANG_ENABLE_OBJC_ARC = YES;
				CLANG_ENABLE_OBJC_WEAK = YES;
				CLANG_WARN_BLOCK_CAPTURE_AUTORELEASING = YES;
				CLANG_WARN_BOOL_CONVERSION = YES;
				CLANG_WARN_COMMA = YES;
				CLANG_WARN_CONSTANT_CONVERSION = YES;
				CLANG_WARN_DEPRECATED_OBJC_IMPLEMENTATIONS = YES;
				CLANG_WARN_DIRECT_OBJC_ISA_USAGE = YES_ERROR;
				CLANG_WARN_DOCUMENTATION_COMMENTS = YES;
				CLANG_WARN_EMPTY_BODY = YES;
				CLANG_WARN_ENUM_CONVERSION = YES;
				CLANG_WARN_INFINITE_RECURSION = YES;
				CLANG_WARN_INT_CONVERSION = YES;
				CLANG_WARN_NON_LITERAL_NULL_CONVERSION = YES;
				CLANG_WARN_OBJC_IMPLICIT_RETAIN_SELF = YES;
				CLANG_WARN_OBJC_LITERAL_CONVERSION = YES;
				CLANG_WARN_OBJC_ROOT_CLASS = YES_ERROR;
				CLANG_WARN_QUOTED_INCLUDE_IN_FRAMEWORK_HEADER = YES;
				CLANG_WARN_RANGE_LOOP_ANALYSIS = YES;
				CLANG_WARN_STRICT_PROTOTYPES = YES;
				CLANG_WARN_SUSPICIOUS_MOVE = YES;
				CLANG_WARN_UNGUARDED_AVAILABILITY = YES_AGGRESSIVE;
				CLANG_WARN_UNREACHABLE_CODE = YES;
				CLANG_WARN__DUPLICATE_METHOD_MATCH = YES;
				COPY_PHASE_STRIP = NO;
				DEBUG_INFORMATION_FORMAT = dwarf;
				ENABLE_STRICT_OBJC_MSGSEND = YES;
				ENABLE_TESTABILITY = YES;
				ENABLE_USER_SCRIPT_SANDBOXING = YES;
				GCC_C_LANGUAGE_STANDARD = gnu17;
				GCC_DYNAMIC_NO_PIC = NO;
				GCC_NO_COMMON_BLOCKS = YES;
				GCC_OPTIMIZATION_LEVEL = 0;
				GCC_PREPROCESSOR_DEFINITIONS = (
					"DEBUG=1",
					"$(inherited)",
				);
				GCC_WARN_64_TO_32_BIT_CONVERSION = YES;
				GCC_WARN_ABOUT_RETURN_TYPE = YES_ERROR;
				GCC_WARN_UNDECLARED_SELECTOR = YES;
				GCC_WARN_UNINITIALIZED_AUTOS = YES_AGGRESSIVE;
				GCC_WARN_UNUSED_FUNCTION = YES;
				GCC_WARN_UNUSED_VARIABLE = YES;
				IPHONEOS_DEPLOYMENT_TARGET = 17.2;
				LOCALIZATION_PREFERS_STRING_CATALOGS = YES;
				MTL_ENABLE_DEBUG_INFO = INCLUDE_SOURCE;
				MTL_FAST_MATH = YES;
				ONLY_ACTIVE_ARCH = YES;
				SDKROOT = iphoneos;
				SWIFT_ACTIVE_COMPILATION_CONDITIONS = "DEBUG $(inherited)";
				SWIFT_OPTIMIZATION_LEVEL = "-Onone";
			};
			name = Debug;
		};
		BB72F5132BBABA7000E70AE0 /* Release */ = {
			isa = XCBuildConfiguration;
			buildSettings = {
				ALWAYS_SEARCH_USER_PATHS = NO;
				ASSETCATALOG_COMPILER_GENERATE_SWIFT_ASSET_SYMBOL_EXTENSIONS = YES;
				CLANG_ANALYZER_NONNULL = YES;
				CLANG_ANALYZER_NUMBER_OBJECT_CONVERSION = YES_AGGRESSIVE;
				CLANG_CXX_LANGUAGE_STANDARD = "gnu++20";
				CLANG_ENABLE_MODULES = YES;
				CLANG_ENABLE_OBJC_ARC = YES;
				CLANG_ENABLE_OBJC_WEAK = YES;
				CLANG_WARN_BLOCK_CAPTURE_AUTORELEASING = YES;
				CLANG_WARN_BOOL_CONVERSION = YES;
				CLANG_WARN_COMMA = YES;
				CLANG_WARN_CONSTANT_CONVERSION = YES;
				CLANG_WARN_DEPRECATED_OBJC_IMPLEMENTATIONS = YES;
				CLANG_WARN_DIRECT_OBJC_ISA_USAGE = YES_ERROR;
				CLANG_WARN_DOCUMENTATION_COMMENTS = YES;
				CLANG_WARN_EMPTY_BODY = YES;
				CLANG_WARN_ENUM_CONVERSION = YES;
				CLANG_WARN_INFINITE_RECURSION = YES;
				CLANG_WARN_INT_CONVERSION = YES;
				CLANG_WARN_NON_LITERAL_NULL_CONVERSION = YES;
				CLANG_WARN_OBJC_IMPLICIT_RETAIN_SELF = YES;
				CLANG_WARN_OBJC_LITERAL_CONVERSION = YES;
				CLANG_WARN_OBJC_ROOT_CLASS = YES_ERROR;
				CLANG_WARN_QUOTED_INCLUDE_IN_FRAMEWORK_HEADER = YES;
				CLANG_WARN_RANGE_LOOP_ANALYSIS = YES;
				CLANG_WARN_STRICT_PROTOTYPES = YES;
				CLANG_WARN_SUSPICIOUS_MOVE = YES;
				CLANG_WARN_UNGUARDED_AVAILABILITY = YES_AGGRESSIVE;
				CLANG_WARN_UNREACHABLE_CODE = YES;
				CLANG_WARN__DUPLICATE_METHOD_MATCH = YES;
				COPY_PHASE_STRIP = NO;
				DEBUG_INFORMATION_FORMAT = "dwarf-with-dsym";
				ENABLE_NS_ASSERTIONS = NO;
				ENABLE_STRICT_OBJC_MSGSEND = YES;
				ENABLE_USER_SCRIPT_SANDBOXING = YES;
				GCC_C_LANGUAGE_STANDARD = gnu17;
				GCC_NO_COMMON_BLOCKS = YES;
				GCC_WARN_64_TO_32_BIT_CONVERSION = YES;
				GCC_WARN_ABOUT_RETURN_TYPE = YES_ERROR;
				GCC_WARN_UNDECLARED_SELECTOR = YES;
				GCC_WARN_UNINITIALIZED_AUTOS = YES_AGGRESSIVE;
				GCC_WARN_UNUSED_FUNCTION = YES;
				GCC_WARN_UNUSED_VARIABLE = YES;
				IPHONEOS_DEPLOYMENT_TARGET = 17.2;
				LOCALIZATION_PREFERS_STRING_CATALOGS = YES;
				MTL_ENABLE_DEBUG_INFO = NO;
				MTL_FAST_MATH = YES;
				SDKROOT = iphoneos;
				SWIFT_COMPILATION_MODE = wholemodule;
				VALIDATE_PRODUCT = YES;
			};
			name = Release;
		};
		BB72F5152BBABA7000E70AE0 /* Debug */ = {
			isa = XCBuildConfiguration;
			buildSettings = {
				ASSETCATALOG_COMPILER_APPICON_NAME = AppIcon;
				ASSETCATALOG_COMPILER_GLOBAL_ACCENT_COLOR_NAME = AccentColor;
				CODE_SIGN_STYLE = Automatic;
				CURRENT_PROJECT_VERSION = 1;
				DEVELOPMENT_TEAM = Q9FMLRW284;
				GENERATE_INFOPLIST_FILE = YES;
				INFOPLIST_FILE = SimpleTableViewChallenge/Info.plist;
				INFOPLIST_KEY_UIApplicationSupportsIndirectInputEvents = YES;
				INFOPLIST_KEY_UILaunchStoryboardName = LaunchScreen;
				INFOPLIST_KEY_UIMainStoryboardFile = Main;
				INFOPLIST_KEY_UISupportedInterfaceOrientations_iPad = "UIInterfaceOrientationPortrait UIInterfaceOrientationPortraitUpsideDown UIInterfaceOrientationLandscapeLeft UIInterfaceOrientationLandscapeRight";
				INFOPLIST_KEY_UISupportedInterfaceOrientations_iPhone = "UIInterfaceOrientationPortrait UIInterfaceOrientationLandscapeLeft UIInterfaceOrientationLandscapeRight";
				LD_RUNPATH_SEARCH_PATHS = (
					"$(inherited)",
					"@executable_path/Frameworks",
				);
				MARKETING_VERSION = 1.0;
				PRODUCT_BUNDLE_IDENTIFIER = com.hoffmann.SimpleTableViewChallenge;
				PRODUCT_NAME = "$(TARGET_NAME)";
				SWIFT_EMIT_LOC_STRINGS = YES;
				SWIFT_VERSION = 5.0;
				TARGETED_DEVICE_FAMILY = "1,2";
			};
			name = Debug;
		};
		BB72F5162BBABA7000E70AE0 /* Release */ = {
			isa = XCBuildConfiguration;
			buildSettings = {
				ASSETCATALOG_COMPILER_APPICON_NAME = AppIcon;
				ASSETCATALOG_COMPILER_GLOBAL_ACCENT_COLOR_NAME = AccentColor;
				CODE_SIGN_STYLE = Automatic;
				CURRENT_PROJECT_VERSION = 1;
				DEVELOPMENT_TEAM = Q9FMLRW284;
				GENERATE_INFOPLIST_FILE = YES;
				INFOPLIST_FILE = SimpleTableViewChallenge/Info.plist;
				INFOPLIST_KEY_UIApplicationSupportsIndirectInputEvents = YES;
				INFOPLIST_KEY_UILaunchStoryboardName = LaunchScreen;
				INFOPLIST_KEY_UIMainStoryboardFile = Main;
				INFOPLIST_KEY_UISupportedInterfaceOrientations_iPad = "UIInterfaceOrientationPortrait UIInterfaceOrientationPortraitUpsideDown UIInterfaceOrientationLandscapeLeft UIInterfaceOrientationLandscapeRight";
				INFOPLIST_KEY_UISupportedInterfaceOrientations_iPhone = "UIInterfaceOrientationPortrait UIInterfaceOrientationLandscapeLeft UIInterfaceOrientationLandscapeRight";
				LD_RUNPATH_SEARCH_PATHS = (
					"$(inherited)",
					"@executable_path/Frameworks",
				);
				MARKETING_VERSION = 1.0;
				PRODUCT_BUNDLE_IDENTIFIER = com.hoffmann.SimpleTableViewChallenge;
				PRODUCT_NAME = "$(TARGET_NAME)";
				SWIFT_EMIT_LOC_STRINGS = YES;
				SWIFT_VERSION = 5.0;
				TARGETED_DEVICE_FAMILY = "1,2";
			};
			name = Release;
		};
/* End XCBuildConfiguration section */

/* Begin XCConfigurationList section */
		BB72F4FB2BBABA6D00E70AE0 /* Build configuration list for PBXProject "SimpleTableViewChallenge" */ = {
			isa = XCConfigurationList;
			buildConfigurations = (
				BB72F5122BBABA7000E70AE0 /* Debug */,
				BB72F5132BBABA7000E70AE0 /* Release */,
			);
			defaultConfigurationIsVisible = 0;
			defaultConfigurationName = Release;
		};
		BB72F5142BBABA7000E70AE0 /* Build configuration list for PBXNativeTarget "SimpleTableViewChallenge" */ = {
			isa = XCConfigurationList;
			buildConfigurations = (
				BB72F5152BBABA7000E70AE0 /* Debug */,
				BB72F5162BBABA7000E70AE0 /* Release */,
			);
			defaultConfigurationIsVisible = 0;
			defaultConfigurationName = Release;
		};
/* End XCConfigurationList section */
	};
	rootObject = BB72F4F82BBABA6D00E70AE0 /* Project object */;
}
