// !$*UTF8*$!
{
	archiveVersion = 1;
	classes = {
	};
	objectVersion = 56;
	objects = {

/* Begin PBXBuildFile section */
		BBAD97322BB7385D00BAF17A /* AppDelegate.swift in Sources */ = {isa = PBXBuildFile; fileRef = BBAD97312BB7385D00BAF17A /* AppDelegate.swift */; };
		BBAD97342BB7385D00BAF17A /* SceneDelegate.swift in Sources */ = {isa = PBXBuildFile; fileRef = BBAD97332BB7385D00BAF17A /* SceneDelegate.swift */; };
		BBAD97362BB7385D00BAF17A /* ViewController.swift in Sources */ = {isa = PBXBuildFile; fileRef = BBAD97352BB7385D00BAF17A /* ViewController.swift */; };
		BBAD97392BB7385D00BAF17A /* Main.storyboard in Resources */ = {isa = PBXBuildFile; fileRef = BBAD97372BB7385D00BAF17A /* Main.storyboard */; };
		BBAD973B2BB7385F00BAF17A /* Assets.xcassets in Resources */ = {isa = PBXBuildFile; fileRef = BBAD973A2BB7385F00BAF17A /* Assets.xcassets */; };
		BBAD973E2BB7385F00BAF17A /* LaunchScreen.storyboard in Resources */ = {isa = PBXBuildFile; fileRef = BBAD973C2BB7385F00BAF17A /* LaunchScreen.storyboard */; };
		BBAD97462BB7388200BAF17A /* Screen02VC.storyboard in Resources */ = {isa = PBXBuildFile; fileRef = BBAD97452BB7388200BAF17A /* Screen02VC.storyboard */; };
		BBAD97482BB738AA00BAF17A /* Screen02VC.swift in Sources */ = {isa = PBXBuildFile; fileRef = BBAD97472BB738AA00BAF17A /* Screen02VC.swift */; };
/* End PBXBuildFile section */

/* Begin PBXFileReference section */
		BBAD972E2BB7385D00BAF17A /* NavigationAdvanced.app */ = {isa = PBXFileReference; explicitFileType = wrapper.application; includeInIndex = 0; path = NavigationAdvanced.app; sourceTree = BUILT_PRODUCTS_DIR; };
		BBAD97312BB7385D00BAF17A /* AppDelegate.swift */ = {isa = PBXFileReference; lastKnownFileType = sourcecode.swift; path = AppDelegate.swift; sourceTree = "<group>"; };
		BBAD97332BB7385D00BAF17A /* SceneDelegate.swift */ = {isa = PBXFileReference; lastKnownFileType = sourcecode.swift; path = SceneDelegate.swift; sourceTree = "<group>"; };
		BBAD97352BB7385D00BAF17A /* ViewController.swift */ = {isa = PBXFileReference; lastKnownFileType = sourcecode.swift; path = ViewController.swift; sourceTree = "<group>"; };
		BBAD97382BB7385D00BAF17A /* Base */ = {isa = PBXFileReference; lastKnownFileType = file.storyboard; name = Base; path = Base.lproj/Main.storyboard; sourceTree = "<group>"; };
		BBAD973A2BB7385F00BAF17A /* Assets.xcassets */ = {isa = PBXFileReference; lastKnownFileType = folder.assetcatalog; path = Assets.xcassets; sourceTree = "<group>"; };
		BBAD973D2BB7385F00BAF17A /* Base */ = {isa = PBXFileReference; lastKnownFileType = file.storyboard; name = Base; path = Base.lproj/LaunchScreen.storyboard; sourceTree = "<group>"; };
		BBAD973F2BB7385F00BAF17A /* Info.plist */ = {isa = PBXFileReference; lastKnownFileType = text.plist.xml; path = Info.plist; sourceTree = "<group>"; };
		BBAD97452BB7388200BAF17A /* Screen02VC.storyboard */ = {isa = PBXFileReference; lastKnownFileType = file.storyboard; path = Screen02VC.storyboard; sourceTree = "<group>"; };
		BBAD97472BB738AA00BAF17A /* Screen02VC.swift */ = {isa = PBXFileReference; lastKnownFileType = sourcecode.swift; path = Screen02VC.swift; sourceTree = "<group>"; };
/* End PBXFileReference section */

/* Begin PBXFrameworksBuildPhase section */
		BBAD972B2BB7385D00BAF17A /* Frameworks */ = {
			isa = PBXFrameworksBuildPhase;
			buildActionMask = 2147483647;
			files = (
			);
			runOnlyForDeploymentPostprocessing = 0;
		};
/* End PBXFrameworksBuildPhase section */

/* Begin PBXGroup section */
		BBAD97252BB7385D00BAF17A = {
			isa = PBXGroup;
			children = (
				BBAD97302BB7385D00BAF17A /* NavigationAdvanced */,
				BBAD972F2BB7385D00BAF17A /* Products */,
			);
			sourceTree = "<group>";
		};
		BBAD972F2BB7385D00BAF17A /* Products */ = {
			isa = PBXGroup;
			children = (
				BBAD972E2BB7385D00BAF17A /* NavigationAdvanced.app */,
			);
			name = Products;
			sourceTree = "<group>";
		};
		BBAD97302BB7385D00BAF17A /* NavigationAdvanced */ = {
			isa = PBXGroup;
			children = (
				BBAD97312BB7385D00BAF17A /* AppDelegate.swift */,
				BBAD97332BB7385D00BAF17A /* SceneDelegate.swift */,
				BBAD97352BB7385D00BAF17A /* ViewController.swift */,
				BBAD97372BB7385D00BAF17A /* Main.storyboard */,
				BBAD973A2BB7385F00BAF17A /* Assets.xcassets */,
				BBAD973C2BB7385F00BAF17A /* LaunchScreen.storyboard */,
				BBAD973F2BB7385F00BAF17A /* Info.plist */,
				BBAD97452BB7388200BAF17A /* Screen02VC.storyboard */,
				BBAD97472BB738AA00BAF17A /* Screen02VC.swift */,
			);
			path = NavigationAdvanced;
			sourceTree = "<group>";
		};
/* End PBXGroup section */

/* Begin PBXNativeTarget section */
		BBAD972D2BB7385D00BAF17A /* NavigationAdvanced */ = {
			isa = PBXNativeTarget;
			buildConfigurationList = BBAD97422BB7385F00BAF17A /* Build configuration list for PBXNativeTarget "NavigationAdvanced" */;
			buildPhases = (
				BBAD972A2BB7385D00BAF17A /* Sources */,
				BBAD972B2BB7385D00BAF17A /* Frameworks */,
				BBAD972C2BB7385D00BAF17A /* Resources */,
			);
			buildRules = (
			);
			dependencies = (
			);
			name = NavigationAdvanced;
			productName = NavigationAdvanced;
			productReference = BBAD972E2BB7385D00BAF17A /* NavigationAdvanced.app */;
			productType = "com.apple.product-type.application";
		};
/* End PBXNativeTarget section */

/* Begin PBXProject section */
		BBAD97262BB7385D00BAF17A /* Project object */ = {
			isa = PBXProject;
			attributes = {
				BuildIndependentTargetsInParallel = 1;
				LastSwiftUpdateCheck = 1520;
				LastUpgradeCheck = 1520;
				TargetAttributes = {
					BBAD972D2BB7385D00BAF17A = {
						CreatedOnToolsVersion = 15.2;
					};
				};
			};
			buildConfigurationList = BBAD97292BB7385D00BAF17A /* Build configuration list for PBXProject "NavigationAdvanced" */;
			compatibilityVersion = "Xcode 14.0";
			developmentRegion = en;
			hasScannedForEncodings = 0;
			knownRegions = (
				en,
				Base,
			);
			mainGroup = BBAD97252BB7385D00BAF17A;
			productRefGroup = BBAD972F2BB7385D00BAF17A /* Products */;
			projectDirPath = "";
			projectRoot = "";
			targets = (
				BBAD972D2BB7385D00BAF17A /* NavigationAdvanced */,
			);
		};
/* End PBXProject section */

/* Begin PBXResourcesBuildPhase section */
		BBAD972C2BB7385D00BAF17A /* Resources */ = {
			isa = PBXResourcesBuildPhase;
			buildActionMask = 2147483647;
			files = (
				BBAD973E2BB7385F00BAF17A /* LaunchScreen.storyboard in Resources */,
				BBAD973B2BB7385F00BAF17A /* Assets.xcassets in Resources */,
				BBAD97392BB7385D00BAF17A /* Main.storyboard in Resources */,
				BBAD97462BB7388200BAF17A /* Screen02VC.storyboard in Resources */,
			);
			runOnlyForDeploymentPostprocessing = 0;
		};
/* End PBXResourcesBuildPhase section */

/* Begin PBXSourcesBuildPhase section */
		BBAD972A2BB7385D00BAF17A /* Sources */ = {
			isa = PBXSourcesBuildPhase;
			buildActionMask = 2147483647;
			files = (
				BBAD97362BB7385D00BAF17A /* ViewController.swift in Sources */,
				BBAD97322BB7385D00BAF17A /* AppDelegate.swift in Sources */,
				BBAD97482BB738AA00BAF17A /* Screen02VC.swift in Sources */,
				BBAD97342BB7385D00BAF17A /* SceneDelegate.swift in Sources */,
			);
			runOnlyForDeploymentPostprocessing = 0;
		};
/* End PBXSourcesBuildPhase section */

/* Begin PBXVariantGroup section */
		BBAD97372BB7385D00BAF17A /* Main.storyboard */ = {
			isa = PBXVariantGroup;
			children = (
				BBAD97382BB7385D00BAF17A /* Base */,
			);
			name = Main.storyboard;
			sourceTree = "<group>";
		};
		BBAD973C2BB7385F00BAF17A /* LaunchScreen.storyboard */ = {
			isa = PBXVariantGroup;
			children = (
				BBAD973D2BB7385F00BAF17A /* Base */,
			);
			name = LaunchScreen.storyboard;
			sourceTree = "<group>";
		};
/* End PBXVariantGroup section */

/* Begin XCBuildConfiguration section */
		BBAD97402BB7385F00BAF17A /* Debug */ = {
			isa = XCBuildConfiguration;
			buildSettings = {
				ALWAYS_SEARCH_USER_PATHS = NO;
				ASSETCATALOG_COMPILER_GENERATE_SWIFT_ASSET_SYMBOL_EXTENSIONS = YES;
				CLANG_ANALYZER_NONNULL = YES;
				CLANG_ANALYZER_NUMBER_OBJECT_CONVERSION = YES_AGGRESSIVE;
				CLANG_CXX_LANGUAGE_STANDARD = "gnu++20";
				CLANG_ENABLE_MODULES = YES;
				CLANG_ENABLE_OBJC_ARC = YES;
				CLANG_ENABLE_OBJC_WEAK = YES;
				CLANG_WARN_BLOCK_CAPTURE_AUTORELEASING = YES;
				CLANG_WARN_BOOL_CONVERSION = YES;
				CLANG_WARN_COMMA = YES;
				CLANG_WARN_CONSTANT_CONVERSION = YES;
				CLANG_WARN_DEPRECATED_OBJC_IMPLEMENTATIONS = YES;
				CLANG_WARN_DIRECT_OBJC_ISA_USAGE = YES_ERROR;
				CLANG_WARN_DOCUMENTATION_COMMENTS = YES;
				CLANG_WARN_EMPTY_BODY = YES;
				CLANG_WARN_ENUM_CONVERSION = YES;
				CLANG_WARN_INFINITE_RECURSION = YES;
				CLANG_WARN_INT_CONVERSION = YES;
				CLANG_WARN_NON_LITERAL_NULL_CONVERSION = YES;
				CLANG_WARN_OBJC_IMPLICIT_RETAIN_SELF = YES;
				CLANG_WARN_OBJC_LITERAL_CONVERSION = YES;
				CLANG_WARN_OBJC_ROOT_CLASS = YES_ERROR;
				CLANG_WARN_QUOTED_INCLUDE_IN_FRAMEWORK_HEADER = YES;
				CLANG_WARN_RANGE_LOOP_ANALYSIS = YES;
				CLANG_WARN_STRICT_PROTOTYPES = YES;
				CLANG_WARN_SUSPICIOUS_MOVE = YES;
				CLANG_WARN_UNGUARDED_AVAILABILITY = YES_AGGRESSIVE;
				CLANG_WARN_UNREACHABLE_CODE = YES;
				CLANG_WARN__DUPLICATE_METHOD_MATCH = YES;
				COPY_PHASE_STRIP = NO;
				DEBUG_INFORMATION_FORMAT = dwarf;
				ENABLE_STRICT_OBJC_MSGSEND = YES;
				ENABLE_TESTABILITY = YES;
				ENABLE_USER_SCRIPT_SANDBOXING = YES;
				GCC_C_LANGUAGE_STANDARD = gnu17;
				GCC_DYNAMIC_NO_PIC = NO;
				GCC_NO_COMMON_BLOCKS = YES;
				GCC_OPTIMIZATION_LEVEL = 0;
				GCC_PREPROCESSOR_DEFINITIONS = (
					"DEBUG=1",
					"$(inherited)",
				);
				GCC_WARN_64_TO_32_BIT_CONVERSION = YES;
				GCC_WARN_ABOUT_RETURN_TYPE = YES_ERROR;
				GCC_WARN_UNDECLARED_SELECTOR = YES;
				GCC_WARN_UNINITIALIZED_AUTOS = YES_AGGRESSIVE;
				GCC_WARN_UNUSED_FUNCTION = YES;
				GCC_WARN_UNUSED_VARIABLE = YES;
				IPHONEOS_DEPLOYMENT_TARGET = 17.2;
				LOCALIZATION_PREFERS_STRING_CATALOGS = YES;
				MTL_ENABLE_DEBUG_INFO = INCLUDE_SOURCE;
				MTL_FAST_MATH = YES;
				ONLY_ACTIVE_ARCH = YES;
				SDKROOT = iphoneos;
				SWIFT_ACTIVE_COMPILATION_CONDITIONS = "DEBUG $(inherited)";
				SWIFT_OPTIMIZATION_LEVEL = "-Onone";
			};
			name = Debug;
		};
		BBAD97412BB7385F00BAF17A /* Release */ = {
			isa = XCBuildConfiguration;
			buildSettings = {
				ALWAYS_SEARCH_USER_PATHS = NO;
				ASSETCATALOG_COMPILER_GENERATE_SWIFT_ASSET_SYMBOL_EXTENSIONS = YES;
				CLANG_ANALYZER_NONNULL = YES;
				CLANG_ANALYZER_NUMBER_OBJECT_CONVERSION = YES_AGGRESSIVE;
				CLANG_CXX_LANGUAGE_STANDARD = "gnu++20";
				CLANG_ENABLE_MODULES = YES;
				CLANG_ENABLE_OBJC_ARC = YES;
				CLANG_ENABLE_OBJC_WEAK = YES;
				CLANG_WARN_BLOCK_CAPTURE_AUTORELEASING = YES;
				CLANG_WARN_BOOL_CONVERSION = YES;
				CLANG_WARN_COMMA = YES;
				CLANG_WARN_CONSTANT_CONVERSION = YES;
				CLANG_WARN_DEPRECATED_OBJC_IMPLEMENTATIONS = YES;
				CLANG_WARN_DIRECT_OBJC_ISA_USAGE = YES_ERROR;
				CLANG_WARN_DOCUMENTATION_COMMENTS = YES;
				CLANG_WARN_EMPTY_BODY = YES;
				CLANG_WARN_ENUM_CONVERSION = YES;
				CLANG_WARN_INFINITE_RECURSION = YES;
				CLANG_WARN_INT_CONVERSION = YES;
				CLANG_WARN_NON_LITERAL_NULL_CONVERSION = YES;
				CLANG_WARN_OBJC_IMPLICIT_RETAIN_SELF = YES;
				CLANG_WARN_OBJC_LITERAL_CONVERSION = YES;
				CLANG_WARN_OBJC_ROOT_CLASS = YES_ERROR;
				CLANG_WARN_QUOTED_INCLUDE_IN_FRAMEWORK_HEADER = YES;
				CLANG_WARN_RANGE_LOOP_ANALYSIS = YES;
				CLANG_WARN_STRICT_PROTOTYPES = YES;
				CLANG_WARN_SUSPICIOUS_MOVE = YES;
				CLANG_WARN_UNGUARDED_AVAILABILITY = YES_AGGRESSIVE;
				CLANG_WARN_UNREACHABLE_CODE = YES;
				CLANG_WARN__DUPLICATE_METHOD_MATCH = YES;
				COPY_PHASE_STRIP = NO;
				DEBUG_INFORMATION_FORMAT = "dwarf-with-dsym";
				ENABLE_NS_ASSERTIONS = NO;
				ENABLE_STRICT_OBJC_MSGSEND = YES;
				ENABLE_USER_SCRIPT_SANDBOXING = YES;
				GCC_C_LANGUAGE_STANDARD = gnu17;
				GCC_NO_COMMON_BLOCKS = YES;
				GCC_WARN_64_TO_32_BIT_CONVERSION = YES;
				GCC_WARN_ABOUT_RETURN_TYPE = YES_ERROR;
				GCC_WARN_UNDECLARED_SELECTOR = YES;
				GCC_WARN_UNINITIALIZED_AUTOS = YES_AGGRESSIVE;
				GCC_WARN_UNUSED_FUNCTION = YES;
				GCC_WARN_UNUSED_VARIABLE = YES;
				IPHONEOS_DEPLOYMENT_TARGET = 17.2;
				LOCALIZATION_PREFERS_STRING_CATALOGS = YES;
				MTL_ENABLE_DEBUG_INFO = NO;
				MTL_FAST_MATH = YES;
				SDKROOT = iphoneos;
				SWIFT_COMPILATION_MODE = wholemodule;
				VALIDATE_PRODUCT = YES;
			};
			name = Release;
		};
		BBAD97432BB7385F00BAF17A /* Debug */ = {
			isa = XCBuildConfiguration;
			buildSettings = {
				ASSETCATALOG_COMPILER_APPICON_NAME = AppIcon;
				ASSETCATALOG_COMPILER_GLOBAL_ACCENT_COLOR_NAME = AccentColor;
				CODE_SIGN_STYLE = Automatic;
				CURRENT_PROJECT_VERSION = 1;
				DEVELOPMENT_TEAM = Q9FMLRW284;
				GENERATE_INFOPLIST_FILE = YES;
				INFOPLIST_FILE = NavigationAdvanced/Info.plist;
				INFOPLIST_KEY_UIApplicationSupportsIndirectInputEvents = YES;
				INFOPLIST_KEY_UILaunchStoryboardName = LaunchScreen;
				INFOPLIST_KEY_UIMainStoryboardFile = Main;
				INFOPLIST_KEY_UISupportedInterfaceOrientations_iPad = "UIInterfaceOrientationPortrait UIInterfaceOrientationPortraitUpsideDown UIInterfaceOrientationLandscapeLeft UIInterfaceOrientationLandscapeRight";
				INFOPLIST_KEY_UISupportedInterfaceOrientations_iPhone = "UIInterfaceOrientationPortrait UIInterfaceOrientationLandscapeLeft UIInterfaceOrientationLandscapeRight";
				LD_RUNPATH_SEARCH_PATHS = (
					"$(inherited)",
					"@executable_path/Frameworks",
				);
				MARKETING_VERSION = 1.0;
				PRODUCT_BUNDLE_IDENTIFIER = com.hoffmann.NavigationAdvanced;
				PRODUCT_NAME = "$(TARGET_NAME)";
				SWIFT_EMIT_LOC_STRINGS = YES;
				SWIFT_VERSION = 5.0;
				TARGETED_DEVICE_FAMILY = "1,2";
			};
			name = Debug;
		};
		BBAD97442BB7385F00BAF17A /* Release */ = {
			isa = XCBuildConfiguration;
			buildSettings = {
				ASSETCATALOG_COMPILER_APPICON_NAME = AppIcon;
				ASSETCATALOG_COMPILER_GLOBAL_ACCENT_COLOR_NAME = AccentColor;
				CODE_SIGN_STYLE = Automatic;
				CURRENT_PROJECT_VERSION = 1;
				DEVELOPMENT_TEAM = Q9FMLRW284;
				GENERATE_INFOPLIST_FILE = YES;
				INFOPLIST_FILE = NavigationAdvanced/Info.plist;
				INFOPLIST_KEY_UIApplicationSupportsIndirectInputEvents = YES;
				INFOPLIST_KEY_UILaunchStoryboardName = LaunchScreen;
				INFOPLIST_KEY_UIMainStoryboardFile = Main;
				INFOPLIST_KEY_UISupportedInterfaceOrientations_iPad = "UIInterfaceOrientationPortrait UIInterfaceOrientationPortraitUpsideDown UIInterfaceOrientationLandscapeLeft UIInterfaceOrientationLandscapeRight";
				INFOPLIST_KEY_UISupportedInterfaceOrientations_iPhone = "UIInterfaceOrientationPortrait UIInterfaceOrientationLandscapeLeft UIInterfaceOrientationLandscapeRight";
				LD_RUNPATH_SEARCH_PATHS = (
					"$(inherited)",
					"@executable_path/Frameworks",
				);
				MARKETING_VERSION = 1.0;
				PRODUCT_BUNDLE_IDENTIFIER = com.hoffmann.NavigationAdvanced;
				PRODUCT_NAME = "$(TARGET_NAME)";
				SWIFT_EMIT_LOC_STRINGS = YES;
				SWIFT_VERSION = 5.0;
				TARGETED_DEVICE_FAMILY = "1,2";
			};
			name = Release;
		};
/* End XCBuildConfiguration section */

/* Begin XCConfigurationList section */
		BBAD97292BB7385D00BAF17A /* Build configuration list for PBXProject "NavigationAdvanced" */ = {
			isa = XCConfigurationList;
			buildConfigurations = (
				BBAD97402BB7385F00BAF17A /* Debug */,
				BBAD97412BB7385F00BAF17A /* Release */,
			);
			defaultConfigurationIsVisible = 0;
			defaultConfigurationName = Release;
		};
		BBAD97422BB7385F00BAF17A /* Build configuration list for PBXNativeTarget "NavigationAdvanced" */ = {
			isa = XCConfigurationList;
			buildConfigurations = (
				BBAD97432BB7385F00BAF17A /* Debug */,
				BBAD97442BB7385F00BAF17A /* Release */,
			);
			defaultConfigurationIsVisible = 0;
			defaultConfigurationName = Release;
		};
/* End XCConfigurationList section */
	};
	rootObject = BBAD97262BB7385D00BAF17A /* Project object */;
}
