// !$*UTF8*$!
{
	archiveVersion = 1;
	classes = {
	};
	objectVersion = 56;
	objects = {

/* Begin PBXBuildFile section */
		BB5BF9392C448FA600C1F005 /* StoryView.swift in Sources */ = {isa = PBXBuildFile; fileRef = BB5BF9382C448FA600C1F005 /* StoryView.swift */; };
		BB5BF93C2C44904A00C1F005 /* StotyData.swift in Sources */ = {isa = PBXBuildFile; fileRef = BB5BF93B2C44904A00C1F005 /* StotyData.swift */; };
		BB5BF93F2C44911400C1F005 /* StoryMock.swift in Sources */ = {isa = PBXBuildFile; fileRef = BB5BF93E2C44911400C1F005 /* StoryMock.swift */; };
		BB8532F42C6AD1780014A822 /* NotificationViewModel.swift in Sources */ = {isa = PBXBuildFile; fileRef = BB8532F32C6AD1780014A822 /* NotificationViewModel.swift */; };
		BB8532F62C6AD5840014A822 /* HighlightData.swift in Sources */ = {isa = PBXBuildFile; fileRef = BB8532F52C6AD5840014A822 /* HighlightData.swift */; };
		BB8532F82C6AD5B50014A822 /* ProfilePost.swift in Sources */ = {isa = PBXBuildFile; fileRef = BB8532F72C6AD5B50014A822 /* ProfilePost.swift */; };
		BB8532FA2C6AD6100014A822 /* ProfileViewModel.swift in Sources */ = {isa = PBXBuildFile; fileRef = BB8532F92C6AD6100014A822 /* ProfileViewModel.swift */; };
		BB8532FC2C6AD6F80014A822 /* HighlighMock.swift in Sources */ = {isa = PBXBuildFile; fileRef = BB8532FB2C6AD6F80014A822 /* HighlighMock.swift */; };
		BB8532FE2C6AD71C0014A822 /* ProfilePostMock.swift in Sources */ = {isa = PBXBuildFile; fileRef = BB8532FD2C6AD71C0014A822 /* ProfilePostMock.swift */; };
		BB868C7E2C048DC400BE31C1 /* BackfrontPostsApp.swift in Sources */ = {isa = PBXBuildFile; fileRef = BB868C7D2C048DC400BE31C1 /* BackfrontPostsApp.swift */; };
		BB868C802C048DC400BE31C1 /* MainView.swift in Sources */ = {isa = PBXBuildFile; fileRef = BB868C7F2C048DC400BE31C1 /* MainView.swift */; };
		BB868C822C048DC800BE31C1 /* Assets.xcassets in Resources */ = {isa = PBXBuildFile; fileRef = BB868C812C048DC800BE31C1 /* Assets.xcassets */; };
		BB868C852C048DC800BE31C1 /* Preview Assets.xcassets in Resources */ = {isa = PBXBuildFile; fileRef = BB868C842C048DC800BE31C1 /* Preview Assets.xcassets */; };
		BB868C8D2C04904400BE31C1 /* HomeView.swift in Sources */ = {isa = PBXBuildFile; fileRef = BB868C8C2C04904400BE31C1 /* HomeView.swift */; };
		BB868C902C0490EF00BE31C1 /* NotificationView.swift in Sources */ = {isa = PBXBuildFile; fileRef = BB868C8F2C0490EF00BE31C1 /* NotificationView.swift */; };
		BB868C932C04912F00BE31C1 /* ProfileView.swift in Sources */ = {isa = PBXBuildFile; fileRef = BB868C922C04912F00BE31C1 /* ProfileView.swift */; };
		BB95DC202C67C0B5008119E5 /* bfVideo.mp4 in Resources */ = {isa = PBXBuildFile; fileRef = BB95DC1E2C67C0B5008119E5 /* bfVideo.mp4 */; };
		BB95DC212C67C0B5008119E5 /* cars.mp4 in Resources */ = {isa = PBXBuildFile; fileRef = BB95DC1F2C67C0B5008119E5 /* cars.mp4 */; };
		BB95DC232C68D5F1008119E5 /* Activity.swift in Sources */ = {isa = PBXBuildFile; fileRef = BB95DC222C68D5F1008119E5 /* Activity.swift */; };
		BB95DC252C68D602008119E5 /* User.swift in Sources */ = {isa = PBXBuildFile; fileRef = BB95DC242C68D602008119E5 /* User.swift */; };
		BB95DC282C68DCA1008119E5 /* ActivityView.swift in Sources */ = {isa = PBXBuildFile; fileRef = BB95DC272C68DCA1008119E5 /* ActivityView.swift */; };
		BB95DC2A2C68DD13008119E5 /* ActivityMock.swift in Sources */ = {isa = PBXBuildFile; fileRef = BB95DC292C68DD13008119E5 /* ActivityMock.swift */; };
		BB95EBE92C729E240039EB51 /* UserProfileView.swift in Sources */ = {isa = PBXBuildFile; fileRef = BB95EBE82C729E240039EB51 /* UserProfileView.swift */; };
		BB95EBEC2C72A3AE0039EB51 /* HighlightView.swift in Sources */ = {isa = PBXBuildFile; fileRef = BB95EBEB2C72A3AE0039EB51 /* HighlightView.swift */; };
		BB95EBEF2C7434320039EB51 /* PostGridView.swift in Sources */ = {isa = PBXBuildFile; fileRef = BB95EBEE2C7434320039EB51 /* PostGridView.swift */; };
		BBE9A3C32C5E6EEE0092421C /* HomeViewModel.swift in Sources */ = {isa = PBXBuildFile; fileRef = BBE9A3C22C5E6EEE0092421C /* HomeViewModel.swift */; };
		BBE9A3C82C5E73AB0092421C /* PostView.swift in Sources */ = {isa = PBXBuildFile; fileRef = BBE9A3C72C5E73AB0092421C /* PostView.swift */; };
		BBE9A3CA2C5E754A0092421C /* PostData.swift in Sources */ = {isa = PBXBuildFile; fileRef = BBE9A3C92C5E754A0092421C /* PostData.swift */; };
		BBE9A3CC2C5E765A0092421C /* PostMock.swift in Sources */ = {isa = PBXBuildFile; fileRef = BBE9A3CB2C5E765A0092421C /* PostMock.swift */; };
		BBE9A3CF2C5FAFC40092421C /* CustomVideoView.swift in Sources */ = {isa = PBXBuildFile; fileRef = BBE9A3CE2C5FAFC40092421C /* CustomVideoView.swift */; };
/* End PBXBuildFile section */

/* Begin PBXFileReference section */
		BB5BF9382C448FA600C1F005 /* StoryView.swift */ = {isa = PBXFileReference; lastKnownFileType = sourcecode.swift; path = StoryView.swift; sourceTree = "<group>"; };
		BB5BF93B2C44904A00C1F005 /* StotyData.swift */ = {isa = PBXFileReference; lastKnownFileType = sourcecode.swift; path = StotyData.swift; sourceTree = "<group>"; };
		BB5BF93E2C44911400C1F005 /* StoryMock.swift */ = {isa = PBXFileReference; lastKnownFileType = sourcecode.swift; path = StoryMock.swift; sourceTree = "<group>"; };
		BB8532F32C6AD1780014A822 /* NotificationViewModel.swift */ = {isa = PBXFileReference; lastKnownFileType = sourcecode.swift; path = NotificationViewModel.swift; sourceTree = "<group>"; };
		BB8532F52C6AD5840014A822 /* HighlightData.swift */ = {isa = PBXFileReference; lastKnownFileType = sourcecode.swift; path = HighlightData.swift; sourceTree = "<group>"; };
		BB8532F72C6AD5B50014A822 /* ProfilePost.swift */ = {isa = PBXFileReference; lastKnownFileType = sourcecode.swift; path = ProfilePost.swift; sourceTree = "<group>"; };
		BB8532F92C6AD6100014A822 /* ProfileViewModel.swift */ = {isa = PBXFileReference; lastKnownFileType = sourcecode.swift; path = ProfileViewModel.swift; sourceTree = "<group>"; };
		BB8532FB2C6AD6F80014A822 /* HighlighMock.swift */ = {isa = PBXFileReference; lastKnownFileType = sourcecode.swift; path = HighlighMock.swift; sourceTree = "<group>"; };
		BB8532FD2C6AD71C0014A822 /* ProfilePostMock.swift */ = {isa = PBXFileReference; lastKnownFileType = sourcecode.swift; path = ProfilePostMock.swift; sourceTree = "<group>"; };
		BB868C7A2C048DC400BE31C1 /* BackfrontPosts.app */ = {isa = PBXFileReference; explicitFileType = wrapper.application; includeInIndex = 0; path = BackfrontPosts.app; sourceTree = BUILT_PRODUCTS_DIR; };
		BB868C7D2C048DC400BE31C1 /* BackfrontPostsApp.swift */ = {isa = PBXFileReference; lastKnownFileType = sourcecode.swift; path = BackfrontPostsApp.swift; sourceTree = "<group>"; };
		BB868C7F2C048DC400BE31C1 /* MainView.swift */ = {isa = PBXFileReference; lastKnownFileType = sourcecode.swift; path = MainView.swift; sourceTree = "<group>"; };
		BB868C812C048DC800BE31C1 /* Assets.xcassets */ = {isa = PBXFileReference; lastKnownFileType = folder.assetcatalog; path = Assets.xcassets; sourceTree = "<group>"; };
		BB868C842C048DC800BE31C1 /* Preview Assets.xcassets */ = {isa = PBXFileReference; lastKnownFileType = folder.assetcatalog; path = "Preview Assets.xcassets"; sourceTree = "<group>"; };
		BB868C8C2C04904400BE31C1 /* HomeView.swift */ = {isa = PBXFileReference; lastKnownFileType = sourcecode.swift; path = HomeView.swift; sourceTree = "<group>"; };
		BB868C8F2C0490EF00BE31C1 /* NotificationView.swift */ = {isa = PBXFileReference; lastKnownFileType = sourcecode.swift; path = NotificationView.swift; sourceTree = "<group>"; };
		BB868C922C04912F00BE31C1 /* ProfileView.swift */ = {isa = PBXFileReference; lastKnownFileType = sourcecode.swift; path = ProfileView.swift; sourceTree = "<group>"; };
		BB95DC1E2C67C0B5008119E5 /* bfVideo.mp4 */ = {isa = PBXFileReference; lastKnownFileType = file; path = bfVideo.mp4; sourceTree = "<group>"; };
		BB95DC1F2C67C0B5008119E5 /* cars.mp4 */ = {isa = PBXFileReference; lastKnownFileType = file; path = cars.mp4; sourceTree = "<group>"; };
		BB95DC222C68D5F1008119E5 /* Activity.swift */ = {isa = PBXFileReference; lastKnownFileType = sourcecode.swift; path = Activity.swift; sourceTree = "<group>"; };
		BB95DC242C68D602008119E5 /* User.swift */ = {isa = PBXFileReference; lastKnownFileType = sourcecode.swift; path = User.swift; sourceTree = "<group>"; };
		BB95DC272C68DCA1008119E5 /* ActivityView.swift */ = {isa = PBXFileReference; lastKnownFileType = sourcecode.swift; path = ActivityView.swift; sourceTree = "<group>"; };
		BB95DC292C68DD13008119E5 /* ActivityMock.swift */ = {isa = PBXFileReference; lastKnownFileType = sourcecode.swift; path = ActivityMock.swift; sourceTree = "<group>"; };
		BB95EBE82C729E240039EB51 /* UserProfileView.swift */ = {isa = PBXFileReference; lastKnownFileType = sourcecode.swift; path = UserProfileView.swift; sourceTree = "<group>"; };
		BB95EBEB2C72A3AE0039EB51 /* HighlightView.swift */ = {isa = PBXFileReference; lastKnownFileType = sourcecode.swift; path = HighlightView.swift; sourceTree = "<group>"; };
		BB95EBEE2C7434320039EB51 /* PostGridView.swift */ = {isa = PBXFileReference; lastKnownFileType = sourcecode.swift; path = PostGridView.swift; sourceTree = "<group>"; };
		BBE9A3C22C5E6EEE0092421C /* HomeViewModel.swift */ = {isa = PBXFileReference; lastKnownFileType = sourcecode.swift; path = HomeViewModel.swift; sourceTree = "<group>"; };
		BBE9A3C72C5E73AB0092421C /* PostView.swift */ = {isa = PBXFileReference; lastKnownFileType = sourcecode.swift; path = PostView.swift; sourceTree = "<group>"; };
		BBE9A3C92C5E754A0092421C /* PostData.swift */ = {isa = PBXFileReference; lastKnownFileType = sourcecode.swift; path = PostData.swift; sourceTree = "<group>"; };
		BBE9A3CB2C5E765A0092421C /* PostMock.swift */ = {isa = PBXFileReference; lastKnownFileType = sourcecode.swift; path = PostMock.swift; sourceTree = "<group>"; };
		BBE9A3CE2C5FAFC40092421C /* CustomVideoView.swift */ = {isa = PBXFileReference; lastKnownFileType = sourcecode.swift; path = CustomVideoView.swift; sourceTree = "<group>"; };
/* End PBXFileReference section */

/* Begin PBXFrameworksBuildPhase section */
		BB868C772C048DC400BE31C1 /* Frameworks */ = {
			isa = PBXFrameworksBuildPhase;
			buildActionMask = 2147483647;
			files = (
			);
			runOnlyForDeploymentPostprocessing = 0;
		};
/* End PBXFrameworksBuildPhase section */

/* Begin PBXGroup section */
		BB5BF9372C448F9300C1F005 /* StoryView */ = {
			isa = PBXGroup;
			children = (
				BB5BF9382C448FA600C1F005 /* StoryView.swift */,
			);
			path = StoryView;
			sourceTree = "<group>";
		};
		BB5BF93A2C44903400C1F005 /* Model */ = {
			isa = PBXGroup;
			children = (
				BB5BF93D2C4490F800C1F005 /* Mock */,
				BB5BF93B2C44904A00C1F005 /* StotyData.swift */,
				BBE9A3C92C5E754A0092421C /* PostData.swift */,
				BB95DC222C68D5F1008119E5 /* Activity.swift */,
				BB95DC242C68D602008119E5 /* User.swift */,
				BB8532F52C6AD5840014A822 /* HighlightData.swift */,
				BB8532F72C6AD5B50014A822 /* ProfilePost.swift */,
			);
			path = Model;
			sourceTree = "<group>";
		};
		BB5BF93D2C4490F800C1F005 /* Mock */ = {
			isa = PBXGroup;
			children = (
				BB5BF93E2C44911400C1F005 /* StoryMock.swift */,
				BBE9A3CB2C5E765A0092421C /* PostMock.swift */,
				BB95DC292C68DD13008119E5 /* ActivityMock.swift */,
				BB8532FB2C6AD6F80014A822 /* HighlighMock.swift */,
				BB8532FD2C6AD71C0014A822 /* ProfilePostMock.swift */,
			);
			path = Mock;
			sourceTree = "<group>";
		};
		BB868C712C048DC400BE31C1 = {
			isa = PBXGroup;
			children = (
				BB868C7C2C048DC400BE31C1 /* BackfrontPosts */,
				BB868C7B2C048DC400BE31C1 /* Products */,
			);
			sourceTree = "<group>";
		};
		BB868C7B2C048DC400BE31C1 /* Products */ = {
			isa = PBXGroup;
			children = (
				BB868C7A2C048DC400BE31C1 /* BackfrontPosts.app */,
			);
			name = Products;
			sourceTree = "<group>";
		};
		BB868C7C2C048DC400BE31C1 /* BackfrontPosts */ = {
			isa = PBXGroup;
			children = (
				BB95EBED2C7434250039EB51 /* PostGridView */,
				BB95EBEA2C72A3A00039EB51 /* HightlightView */,
				BB95EBE72C729E0E0039EB51 /* UserProfileView */,
				BB95DC262C68DC82008119E5 /* ActivityView */,
				BB95DC1D2C67C073008119E5 /* DemoVideo */,
				BBE9A3CD2C5FAF910092421C /* CustomVideoView */,
				BB5BF93A2C44903400C1F005 /* Model */,
				BBE9A3C42C5E735E0092421C /* PostView */,
				BB5BF9372C448F9300C1F005 /* StoryView */,
				BB868C912C04912200BE31C1 /* ProfileView */,
				BB868C8E2C0490E400BE31C1 /* NotificationView */,
				BB868C8B2C04903800BE31C1 /* HomeView */,
				BB868C7D2C048DC400BE31C1 /* BackfrontPostsApp.swift */,
				BB868C7F2C048DC400BE31C1 /* MainView.swift */,
				BB868C812C048DC800BE31C1 /* Assets.xcassets */,
				BB868C832C048DC800BE31C1 /* Preview Content */,
			);
			path = BackfrontPosts;
			sourceTree = "<group>";
		};
		BB868C832C048DC800BE31C1 /* Preview Content */ = {
			isa = PBXGroup;
			children = (
				BB868C842C048DC800BE31C1 /* Preview Assets.xcassets */,
			);
			path = "Preview Content";
			sourceTree = "<group>";
		};
		BB868C8B2C04903800BE31C1 /* HomeView */ = {
			isa = PBXGroup;
			children = (
				BBE9A3C12C5E6ED80092421C /* ViewModel */,
				BB868C8C2C04904400BE31C1 /* HomeView.swift */,
			);
			path = HomeView;
			sourceTree = "<group>";
		};
		BB868C8E2C0490E400BE31C1 /* NotificationView */ = {
			isa = PBXGroup;
			children = (
				BB868C8F2C0490EF00BE31C1 /* NotificationView.swift */,
				BB8532F32C6AD1780014A822 /* NotificationViewModel.swift */,
			);
			path = NotificationView;
			sourceTree = "<group>";
		};
		BB868C912C04912200BE31C1 /* ProfileView */ = {
			isa = PBXGroup;
			children = (
				BB868C922C04912F00BE31C1 /* ProfileView.swift */,
				BB8532F92C6AD6100014A822 /* ProfileViewModel.swift */,
			);
			path = ProfileView;
			sourceTree = "<group>";
		};
		BB95DC1D2C67C073008119E5 /* DemoVideo */ = {
			isa = PBXGroup;
			children = (
				BB95DC1E2C67C0B5008119E5 /* bfVideo.mp4 */,
				BB95DC1F2C67C0B5008119E5 /* cars.mp4 */,
			);
			path = DemoVideo;
			sourceTree = "<group>";
		};
		BB95DC262C68DC82008119E5 /* ActivityView */ = {
			isa = PBXGroup;
			children = (
				BB95DC272C68DCA1008119E5 /* ActivityView.swift */,
			);
			path = ActivityView;
			sourceTree = "<group>";
		};
		BB95EBE72C729E0E0039EB51 /* UserProfileView */ = {
			isa = PBXGroup;
			children = (
				BB95EBE82C729E240039EB51 /* UserProfileView.swift */,
			);
			path = UserProfileView;
			sourceTree = "<group>";
		};
		BB95EBEA2C72A3A00039EB51 /* HightlightView */ = {
			isa = PBXGroup;
			children = (
				BB95EBEB2C72A3AE0039EB51 /* HighlightView.swift */,
			);
			path = HightlightView;
			sourceTree = "<group>";
		};
		BB95EBED2C7434250039EB51 /* PostGridView */ = {
			isa = PBXGroup;
			children = (
				BB95EBEE2C7434320039EB51 /* PostGridView.swift */,
			);
			path = PostGridView;
			sourceTree = "<group>";
		};
		BBE9A3C12C5E6ED80092421C /* ViewModel */ = {
			isa = PBXGroup;
			children = (
				BBE9A3C22C5E6EEE0092421C /* HomeViewModel.swift */,
			);
			path = ViewModel;
			sourceTree = "<group>";
		};
		BBE9A3C42C5E735E0092421C /* PostView */ = {
			isa = PBXGroup;
			children = (
				BBE9A3C72C5E73AB0092421C /* PostView.swift */,
			);
			path = PostView;
			sourceTree = "<group>";
		};
		BBE9A3CD2C5FAF910092421C /* CustomVideoView */ = {
			isa = PBXGroup;
			children = (
				BBE9A3CE2C5FAFC40092421C /* CustomVideoView.swift */,
			);
			path = CustomVideoView;
			sourceTree = "<group>";
		};
/* End PBXGroup section */

/* Begin PBXNativeTarget section */
		BB868C792C048DC400BE31C1 /* BackfrontPosts */ = {
			isa = PBXNativeTarget;
			buildConfigurationList = BB868C882C048DC800BE31C1 /* Build configuration list for PBXNativeTarget "BackfrontPosts" */;
			buildPhases = (
				BB868C762C048DC400BE31C1 /* Sources */,
				BB868C772C048DC400BE31C1 /* Frameworks */,
				BB868C782C048DC400BE31C1 /* Resources */,
			);
			buildRules = (
			);
			dependencies = (
			);
			name = BackfrontPosts;
			productName = BackfrontPosts;
			productReference = BB868C7A2C048DC400BE31C1 /* BackfrontPosts.app */;
			productType = "com.apple.product-type.application";
		};
/* End PBXNativeTarget section */

/* Begin PBXProject section */
		BB868C722C048DC400BE31C1 /* Project object */ = {
			isa = PBXProject;
			attributes = {
				BuildIndependentTargetsInParallel = 1;
				LastSwiftUpdateCheck = 1520;
				LastUpgradeCheck = 1520;
				TargetAttributes = {
					BB868C792C048DC400BE31C1 = {
						CreatedOnToolsVersion = 15.2;
					};
				};
			};
			buildConfigurationList = BB868C752C048DC400BE31C1 /* Build configuration list for PBXProject "BackfrontPosts" */;
			compatibilityVersion = "Xcode 14.0";
			developmentRegion = en;
			hasScannedForEncodings = 0;
			knownRegions = (
				en,
				Base,
			);
			mainGroup = BB868C712C048DC400BE31C1;
			productRefGroup = BB868C7B2C048DC400BE31C1 /* Products */;
			projectDirPath = "";
			projectRoot = "";
			targets = (
				BB868C792C048DC400BE31C1 /* BackfrontPosts */,
			);
		};
/* End PBXProject section */

/* Begin PBXResourcesBuildPhase section */
		BB868C782C048DC400BE31C1 /* Resources */ = {
			isa = PBXResourcesBuildPhase;
			buildActionMask = 2147483647;
			files = (
				BB95DC212C67C0B5008119E5 /* cars.mp4 in Resources */,
				BB868C852C048DC800BE31C1 /* Preview Assets.xcassets in Resources */,
				BB95DC202C67C0B5008119E5 /* bfVideo.mp4 in Resources */,
				BB868C822C048DC800BE31C1 /* Assets.xcassets in Resources */,
			);
			runOnlyForDeploymentPostprocessing = 0;
		};
/* End PBXResourcesBuildPhase section */

/* Begin PBXSourcesBuildPhase section */
		BB868C762C048DC400BE31C1 /* Sources */ = {
			isa = PBXSourcesBuildPhase;
			buildActionMask = 2147483647;
			files = (
				BB5BF9392C448FA600C1F005 /* StoryView.swift in Sources */,
				BBE9A3CC2C5E765A0092421C /* PostMock.swift in Sources */,
				BB95DC232C68D5F1008119E5 /* Activity.swift in Sources */,
				BBE9A3C32C5E6EEE0092421C /* HomeViewModel.swift in Sources */,
				BB5BF93C2C44904A00C1F005 /* StotyData.swift in Sources */,
				BB8532FC2C6AD6F80014A822 /* HighlighMock.swift in Sources */,
				BB95EBEF2C7434320039EB51 /* PostGridView.swift in Sources */,
				BB8532F42C6AD1780014A822 /* NotificationViewModel.swift in Sources */,
				BB95EBEC2C72A3AE0039EB51 /* HighlightView.swift in Sources */,
				BB8532FA2C6AD6100014A822 /* ProfileViewModel.swift in Sources */,
				BB95DC282C68DCA1008119E5 /* ActivityView.swift in Sources */,
				BB868C8D2C04904400BE31C1 /* HomeView.swift in Sources */,
				BB8532F62C6AD5840014A822 /* HighlightData.swift in Sources */,
				BB8532FE2C6AD71C0014A822 /* ProfilePostMock.swift in Sources */,
				BB868C802C048DC400BE31C1 /* MainView.swift in Sources */,
				BB95DC2A2C68DD13008119E5 /* ActivityMock.swift in Sources */,
				BB868C932C04912F00BE31C1 /* ProfileView.swift in Sources */,
				BB95DC252C68D602008119E5 /* User.swift in Sources */,
				BB5BF93F2C44911400C1F005 /* StoryMock.swift in Sources */,
				BB868C7E2C048DC400BE31C1 /* BackfrontPostsApp.swift in Sources */,
				BB8532F82C6AD5B50014A822 /* ProfilePost.swift in Sources */,
				BB95EBE92C729E240039EB51 /* UserProfileView.swift in Sources */,
				BBE9A3C82C5E73AB0092421C /* PostView.swift in Sources */,
				BBE9A3CA2C5E754A0092421C /* PostData.swift in Sources */,
				BBE9A3CF2C5FAFC40092421C /* CustomVideoView.swift in Sources */,
				BB868C902C0490EF00BE31C1 /* NotificationView.swift in Sources */,
			);
			runOnlyForDeploymentPostprocessing = 0;
		};
/* End PBXSourcesBuildPhase section */

/* Begin XCBuildConfiguration section */
		BB868C862C048DC800BE31C1 /* Debug */ = {
			isa = XCBuildConfiguration;
			buildSettings = {
				ALWAYS_SEARCH_USER_PATHS = NO;
				ASSETCATALOG_COMPILER_GENERATE_SWIFT_ASSET_SYMBOL_EXTENSIONS = YES;
				CLANG_ANALYZER_NONNULL = YES;
				CLANG_ANALYZER_NUMBER_OBJECT_CONVERSION = YES_AGGRESSIVE;
				CLANG_CXX_LANGUAGE_STANDARD = "gnu++20";
				CLANG_ENABLE_MODULES = YES;
				CLANG_ENABLE_OBJC_ARC = YES;
				CLANG_ENABLE_OBJC_WEAK = YES;
				CLANG_WARN_BLOCK_CAPTURE_AUTORELEASING = YES;
				CLANG_WARN_BOOL_CONVERSION = YES;
				CLANG_WARN_COMMA = YES;
				CLANG_WARN_CONSTANT_CONVERSION = YES;
				CLANG_WARN_DEPRECATED_OBJC_IMPLEMENTATIONS = YES;
				CLANG_WARN_DIRECT_OBJC_ISA_USAGE = YES_ERROR;
				CLANG_WARN_DOCUMENTATION_COMMENTS = YES;
				CLANG_WARN_EMPTY_BODY = YES;
				CLANG_WARN_ENUM_CONVERSION = YES;
				CLANG_WARN_INFINITE_RECURSION = YES;
				CLANG_WARN_INT_CONVERSION = YES;
				CLANG_WARN_NON_LITERAL_NULL_CONVERSION = YES;
				CLANG_WARN_OBJC_IMPLICIT_RETAIN_SELF = YES;
				CLANG_WARN_OBJC_LITERAL_CONVERSION = YES;
				CLANG_WARN_OBJC_ROOT_CLASS = YES_ERROR;
				CLANG_WARN_QUOTED_INCLUDE_IN_FRAMEWORK_HEADER = YES;
				CLANG_WARN_RANGE_LOOP_ANALYSIS = YES;
				CLANG_WARN_STRICT_PROTOTYPES = YES;
				CLANG_WARN_SUSPICIOUS_MOVE = YES;
				CLANG_WARN_UNGUARDED_AVAILABILITY = YES_AGGRESSIVE;
				CLANG_WARN_UNREACHABLE_CODE = YES;
				CLANG_WARN__DUPLICATE_METHOD_MATCH = YES;
				COPY_PHASE_STRIP = NO;
				DEBUG_INFORMATION_FORMAT = dwarf;
				ENABLE_STRICT_OBJC_MSGSEND = YES;
				ENABLE_TESTABILITY = YES;
				ENABLE_USER_SCRIPT_SANDBOXING = YES;
				GCC_C_LANGUAGE_STANDARD = gnu17;
				GCC_DYNAMIC_NO_PIC = NO;
				GCC_NO_COMMON_BLOCKS = YES;
				GCC_OPTIMIZATION_LEVEL = 0;
				GCC_PREPROCESSOR_DEFINITIONS = (
					"DEBUG=1",
					"$(inherited)",
				);
				GCC_WARN_64_TO_32_BIT_CONVERSION = YES;
				GCC_WARN_ABOUT_RETURN_TYPE = YES_ERROR;
				GCC_WARN_UNDECLARED_SELECTOR = YES;
				GCC_WARN_UNINITIALIZED_AUTOS = YES_AGGRESSIVE;
				GCC_WARN_UNUSED_FUNCTION = YES;
				GCC_WARN_UNUSED_VARIABLE = YES;
				IPHONEOS_DEPLOYMENT_TARGET = 17.2;
				LOCALIZATION_PREFERS_STRING_CATALOGS = YES;
				MTL_ENABLE_DEBUG_INFO = INCLUDE_SOURCE;
				MTL_FAST_MATH = YES;
				ONLY_ACTIVE_ARCH = YES;
				SDKROOT = iphoneos;
				SWIFT_ACTIVE_COMPILATION_CONDITIONS = "DEBUG $(inherited)";
				SWIFT_OPTIMIZATION_LEVEL = "-Onone";
			};
			name = Debug;
		};
		BB868C872C048DC800BE31C1 /* Release */ = {
			isa = XCBuildConfiguration;
			buildSettings = {
				ALWAYS_SEARCH_USER_PATHS = NO;
				ASSETCATALOG_COMPILER_GENERATE_SWIFT_ASSET_SYMBOL_EXTENSIONS = YES;
				CLANG_ANALYZER_NONNULL = YES;
				CLANG_ANALYZER_NUMBER_OBJECT_CONVERSION = YES_AGGRESSIVE;
				CLANG_CXX_LANGUAGE_STANDARD = "gnu++20";
				CLANG_ENABLE_MODULES = YES;
				CLANG_ENABLE_OBJC_ARC = YES;
				CLANG_ENABLE_OBJC_WEAK = YES;
				CLANG_WARN_BLOCK_CAPTURE_AUTORELEASING = YES;
				CLANG_WARN_BOOL_CONVERSION = YES;
				CLANG_WARN_COMMA = YES;
				CLANG_WARN_CONSTANT_CONVERSION = YES;
				CLANG_WARN_DEPRECATED_OBJC_IMPLEMENTATIONS = YES;
				CLANG_WARN_DIRECT_OBJC_ISA_USAGE = YES_ERROR;
				CLANG_WARN_DOCUMENTATION_COMMENTS = YES;
				CLANG_WARN_EMPTY_BODY = YES;
				CLANG_WARN_ENUM_CONVERSION = YES;
				CLANG_WARN_INFINITE_RECURSION = YES;
				CLANG_WARN_INT_CONVERSION = YES;
				CLANG_WARN_NON_LITERAL_NULL_CONVERSION = YES;
				CLANG_WARN_OBJC_IMPLICIT_RETAIN_SELF = YES;
				CLANG_WARN_OBJC_LITERAL_CONVERSION = YES;
				CLANG_WARN_OBJC_ROOT_CLASS = YES_ERROR;
				CLANG_WARN_QUOTED_INCLUDE_IN_FRAMEWORK_HEADER = YES;
				CLANG_WARN_RANGE_LOOP_ANALYSIS = YES;
				CLANG_WARN_STRICT_PROTOTYPES = YES;
				CLANG_WARN_SUSPICIOUS_MOVE = YES;
				CLANG_WARN_UNGUARDED_AVAILABILITY = YES_AGGRESSIVE;
				CLANG_WARN_UNREACHABLE_CODE = YES;
				CLANG_WARN__DUPLICATE_METHOD_MATCH = YES;
				COPY_PHASE_STRIP = NO;
				DEBUG_INFORMATION_FORMAT = "dwarf-with-dsym";
				ENABLE_NS_ASSERTIONS = NO;
				ENABLE_STRICT_OBJC_MSGSEND = YES;
				ENABLE_USER_SCRIPT_SANDBOXING = YES;
				GCC_C_LANGUAGE_STANDARD = gnu17;
				GCC_NO_COMMON_BLOCKS = YES;
				GCC_WARN_64_TO_32_BIT_CONVERSION = YES;
				GCC_WARN_ABOUT_RETURN_TYPE = YES_ERROR;
				GCC_WARN_UNDECLARED_SELECTOR = YES;
				GCC_WARN_UNINITIALIZED_AUTOS = YES_AGGRESSIVE;
				GCC_WARN_UNUSED_FUNCTION = YES;
				GCC_WARN_UNUSED_VARIABLE = YES;
				IPHONEOS_DEPLOYMENT_TARGET = 17.2;
				LOCALIZATION_PREFERS_STRING_CATALOGS = YES;
				MTL_ENABLE_DEBUG_INFO = NO;
				MTL_FAST_MATH = YES;
				SDKROOT = iphoneos;
				SWIFT_COMPILATION_MODE = wholemodule;
				VALIDATE_PRODUCT = YES;
			};
			name = Release;
		};
		BB868C892C048DC800BE31C1 /* Debug */ = {
			isa = XCBuildConfiguration;
			buildSettings = {
				ASSETCATALOG_COMPILER_APPICON_NAME = AppIcon;
				ASSETCATALOG_COMPILER_GLOBAL_ACCENT_COLOR_NAME = AccentColor;
				CODE_SIGN_IDENTITY = "Apple Development";
				CODE_SIGN_STYLE = Automatic;
				CURRENT_PROJECT_VERSION = 1;
				DEVELOPMENT_ASSET_PATHS = "\"BackfrontPosts/Preview Content\"";
				DEVELOPMENT_TEAM = Q9FMLRW284;
				ENABLE_PREVIEWS = YES;
				GENERATE_INFOPLIST_FILE = YES;
				INFOPLIST_KEY_UIApplicationSceneManifest_Generation = YES;
				INFOPLIST_KEY_UIApplicationSupportsIndirectInputEvents = YES;
				INFOPLIST_KEY_UILaunchScreen_Generation = YES;
				INFOPLIST_KEY_UISupportedInterfaceOrientations_iPad = "UIInterfaceOrientationPortrait UIInterfaceOrientationPortraitUpsideDown UIInterfaceOrientationLandscapeLeft UIInterfaceOrientationLandscapeRight";
				INFOPLIST_KEY_UISupportedInterfaceOrientations_iPhone = "UIInterfaceOrientationPortrait UIInterfaceOrientationLandscapeLeft UIInterfaceOrientationLandscapeRight";
				LD_RUNPATH_SEARCH_PATHS = (
					"$(inherited)",
					"@executable_path/Frameworks",
				);
				MARKETING_VERSION = 1.0;
				PRODUCT_BUNDLE_IDENTIFIER = com.hoffmann.BackfrontPosts;
				PRODUCT_NAME = "$(TARGET_NAME)";
				PROVISIONING_PROFILE_SPECIFIER = "";
				SWIFT_EMIT_LOC_STRINGS = YES;
				SWIFT_VERSION = 5.0;
				TARGETED_DEVICE_FAMILY = "1,2";
			};
			name = Debug;
		};
		BB868C8A2C048DC800BE31C1 /* Release */ = {
			isa = XCBuildConfiguration;
			buildSettings = {
				ASSETCATALOG_COMPILER_APPICON_NAME = AppIcon;
				ASSETCATALOG_COMPILER_GLOBAL_ACCENT_COLOR_NAME = AccentColor;
				CODE_SIGN_IDENTITY = "Apple Development";
				CODE_SIGN_STYLE = Automatic;
				CURRENT_PROJECT_VERSION = 1;
				DEVELOPMENT_ASSET_PATHS = "\"BackfrontPosts/Preview Content\"";
				DEVELOPMENT_TEAM = Q9FMLRW284;
				ENABLE_PREVIEWS = YES;
				GENERATE_INFOPLIST_FILE = YES;
				INFOPLIST_KEY_UIApplicationSceneManifest_Generation = YES;
				INFOPLIST_KEY_UIApplicationSupportsIndirectInputEvents = YES;
				INFOPLIST_KEY_UILaunchScreen_Generation = YES;
				INFOPLIST_KEY_UISupportedInterfaceOrientations_iPad = "UIInterfaceOrientationPortrait UIInterfaceOrientationPortraitUpsideDown UIInterfaceOrientationLandscapeLeft UIInterfaceOrientationLandscapeRight";
				INFOPLIST_KEY_UISupportedInterfaceOrientations_iPhone = "UIInterfaceOrientationPortrait UIInterfaceOrientationLandscapeLeft UIInterfaceOrientationLandscapeRight";
				LD_RUNPATH_SEARCH_PATHS = (
					"$(inherited)",
					"@executable_path/Frameworks",
				);
				MARKETING_VERSION = 1.0;
				PRODUCT_BUNDLE_IDENTIFIER = com.hoffmann.BackfrontPosts;
				PRODUCT_NAME = "$(TARGET_NAME)";
				PROVISIONING_PROFILE_SPECIFIER = "";
				SWIFT_EMIT_LOC_STRINGS = YES;
				SWIFT_VERSION = 5.0;
				TARGETED_DEVICE_FAMILY = "1,2";
			};
			name = Release;
		};
/* End XCBuildConfiguration section */

/* Begin XCConfigurationList section */
		BB868C752C048DC400BE31C1 /* Build configuration list for PBXProject "BackfrontPosts" */ = {
			isa = XCConfigurationList;
			buildConfigurations = (
				BB868C862C048DC800BE31C1 /* Debug */,
				BB868C872C048DC800BE31C1 /* Release */,
			);
			defaultConfigurationIsVisible = 0;
			defaultConfigurationName = Release;
		};
		BB868C882C048DC800BE31C1 /* Build configuration list for PBXNativeTarget "BackfrontPosts" */ = {
			isa = XCConfigurationList;
			buildConfigurations = (
				BB868C892C048DC800BE31C1 /* Debug */,
				BB868C8A2C048DC800BE31C1 /* Release */,
			);
			defaultConfigurationIsVisible = 0;
			defaultConfigurationName = Release;
		};
/* End XCConfigurationList section */
	};
	rootObject = BB868C722C048DC400BE31C1 /* Project object */;
}
