// !$*UTF8*$!
{
	archiveVersion = 1;
	classes = {
	};
	objectVersion = 56;
	objects = {

/* Begin PBXBuildFile section */
		097EBE01CBFA6CB99C780F94 /* Pods_AppBackFront.framework in Frameworks */ = {isa = PBXBuildFile; fileRef = 6F5D65A6C79DEEB278B664ED /* Pods_AppBackFront.framework */; };
		BB0637862BDBAA1E005B7B4D /* AlertController.swift in Sources */ = {isa = PBXBuildFile; fileRef = BB0637852BDBAA1E005B7B4D /* AlertController.swift */; };
		BB0637892BDBAF5F005B7B4D /* TabBarVC.swift in Sources */ = {isa = PBXBuildFile; fileRef = BB0637882BDBAF5F005B7B4D /* TabBarVC.swift */; };
		BB06378F2BDBB005005B7B4D /* HomeVC.swift in Sources */ = {isa = PBXBuildFile; fileRef = BB06378E2BDBB005005B7B4D /* HomeVC.swift */; };
		BB0637912BDBB1FE005B7B4D /* HomeScreen.swift in Sources */ = {isa = PBXBuildFile; fileRef = BB0637902BDBB1FE005B7B4D /* HomeScreen.swift */; };
		BB0CD8782BE0F3D000E74E81 /* NftTableViewCell.swift in Sources */ = {isa = PBXBuildFile; fileRef = BB0CD8772BE0F3D000E74E81 /* NftTableViewCell.swift */; };
		BB0CD87B2BE0F5D100E74E81 /* NftTableViewCellScreen.swift in Sources */ = {isa = PBXBuildFile; fileRef = BB0CD87A2BE0F5D100E74E81 /* NftTableViewCellScreen.swift */; };
		BB31A1AB2BE25BCC00683897 /* NftDetailVC.swift in Sources */ = {isa = PBXBuildFile; fileRef = BB31A1AA2BE25BCC00683897 /* NftDetailVC.swift */; };
		BB31A1AF2BE25BF700683897 /* NftDetailViewModel.swift in Sources */ = {isa = PBXBuildFile; fileRef = BB31A1AE2BE25BF700683897 /* NftDetailViewModel.swift */; };
		BB31A1B12BE25C1400683897 /* NftDetailScreen.swift in Sources */ = {isa = PBXBuildFile; fileRef = BB31A1B02BE25C1400683897 /* NftDetailScreen.swift */; };
		BB3F46A62BDD9AFE0099EDA5 /* NftFilterCollectioViewCell.swift in Sources */ = {isa = PBXBuildFile; fileRef = BB3F46A52BDD9AFE0099EDA5 /* NftFilterCollectioViewCell.swift */; };
		BB3F46A92BDD9B480099EDA5 /* NftFilterCollectionViewCellScreen.swift in Sources */ = {isa = PBXBuildFile; fileRef = BB3F46A82BDD9B480099EDA5 /* NftFilterCollectionViewCellScreen.swift */; };
		BB51A4862BC93893003AC1FB /* AppDelegate.swift in Sources */ = {isa = PBXBuildFile; fileRef = BB51A4852BC93893003AC1FB /* AppDelegate.swift */; };
		BB51A4882BC93893003AC1FB /* SceneDelegate.swift in Sources */ = {isa = PBXBuildFile; fileRef = BB51A4872BC93893003AC1FB /* SceneDelegate.swift */; };
		BB51A48F2BC93896003AC1FB /* Assets.xcassets in Resources */ = {isa = PBXBuildFile; fileRef = BB51A48E2BC93896003AC1FB /* Assets.xcassets */; };
		BB51A4922BC93896003AC1FB /* LaunchScreen.storyboard in Resources */ = {isa = PBXBuildFile; fileRef = BB51A4902BC93896003AC1FB /* LaunchScreen.storyboard */; };
		BB51A49B2BC940B6003AC1FB /* LoginVC.swift in Sources */ = {isa = PBXBuildFile; fileRef = BB51A49A2BC940B6003AC1FB /* LoginVC.swift */; };
		BB51A49F2BC9413C003AC1FB /* LoginScreen.swift in Sources */ = {isa = PBXBuildFile; fileRef = BB51A49E2BC9413C003AC1FB /* LoginScreen.swift */; };
		BBBBED7D2BD90F4D00D22B54 /* GoogleService-Info.plist in Resources */ = {isa = PBXBuildFile; fileRef = BBBBED7C2BD90F4D00D22B54 /* GoogleService-Info.plist */; };
		BBBBED8B2BD910CE00D22B54 /* FirebaseAuth in Frameworks */ = {isa = PBXBuildFile; productRef = BBBBED8A2BD910CE00D22B54 /* FirebaseAuth */; };
		BBBBED8D2BD910D500D22B54 /* FirebaseCrashlytics in Frameworks */ = {isa = PBXBuildFile; productRef = BBBBED8C2BD910D500D22B54 /* FirebaseCrashlytics */; };
		BBBBED912BD9134200D22B54 /* UIViewController+Extension.swift in Sources */ = {isa = PBXBuildFile; fileRef = BBBBED902BD9134200D22B54 /* UIViewController+Extension.swift */; };
		BBBBED932BD9191100D22B54 /* String+Extension.swift in Sources */ = {isa = PBXBuildFile; fileRef = BBBBED922BD9191100D22B54 /* String+Extension.swift */; };
		BBD73AFA2BDD08F800B3D09A /* HomeViewModel.swift in Sources */ = {isa = PBXBuildFile; fileRef = BBD73AF92BDD08F800B3D09A /* HomeViewModel.swift */; };
		BBD73AFE2BDD09B500B3D09A /* HomeService.swift in Sources */ = {isa = PBXBuildFile; fileRef = BBD73AFD2BDD09B500B3D09A /* HomeService.swift */; };
		BBD73B002BDD09F600B3D09A /* GenericService.swift in Sources */ = {isa = PBXBuildFile; fileRef = BBD73AFF2BDD09F600B3D09A /* GenericService.swift */; };
		BBD73B032BDD0B6500B3D09A /* HomeData.json in Resources */ = {isa = PBXBuildFile; fileRef = BBD73B022BDD0B6500B3D09A /* HomeData.json */; };
		BBD73B062BDD0C3000B3D09A /* NFTData.swift in Sources */ = {isa = PBXBuildFile; fileRef = BBD73B052BDD0C3000B3D09A /* NFTData.swift */; };
/* End PBXBuildFile section */

/* Begin PBXFileReference section */
		23E1546F395980654F058806 /* Pods-AppBackFront.release.xcconfig */ = {isa = PBXFileReference; includeInIndex = 1; lastKnownFileType = text.xcconfig; name = "Pods-AppBackFront.release.xcconfig"; path = "Target Support Files/Pods-AppBackFront/Pods-AppBackFront.release.xcconfig"; sourceTree = "<group>"; };
		412B78566DE22D4F6442DB0D /* Pods-AppBackFront.debug.xcconfig */ = {isa = PBXFileReference; includeInIndex = 1; lastKnownFileType = text.xcconfig; name = "Pods-AppBackFront.debug.xcconfig"; path = "Target Support Files/Pods-AppBackFront/Pods-AppBackFront.debug.xcconfig"; sourceTree = "<group>"; };
		6F5D65A6C79DEEB278B664ED /* Pods_AppBackFront.framework */ = {isa = PBXFileReference; explicitFileType = wrapper.framework; includeInIndex = 0; path = Pods_AppBackFront.framework; sourceTree = BUILT_PRODUCTS_DIR; };
		BB0637852BDBAA1E005B7B4D /* AlertController.swift */ = {isa = PBXFileReference; lastKnownFileType = sourcecode.swift; path = AlertController.swift; sourceTree = "<group>"; };
		BB0637882BDBAF5F005B7B4D /* TabBarVC.swift */ = {isa = PBXFileReference; lastKnownFileType = sourcecode.swift; path = TabBarVC.swift; sourceTree = "<group>"; };
		BB06378E2BDBB005005B7B4D /* HomeVC.swift */ = {isa = PBXFileReference; lastKnownFileType = sourcecode.swift; path = HomeVC.swift; sourceTree = "<group>"; };
		BB0637902BDBB1FE005B7B4D /* HomeScreen.swift */ = {isa = PBXFileReference; lastKnownFileType = sourcecode.swift; path = HomeScreen.swift; sourceTree = "<group>"; };
		BB0CD8772BE0F3D000E74E81 /* NftTableViewCell.swift */ = {isa = PBXFileReference; lastKnownFileType = sourcecode.swift; path = NftTableViewCell.swift; sourceTree = "<group>"; };
		BB0CD87A2BE0F5D100E74E81 /* NftTableViewCellScreen.swift */ = {isa = PBXFileReference; lastKnownFileType = sourcecode.swift; path = NftTableViewCellScreen.swift; sourceTree = "<group>"; };
		BB31A1AA2BE25BCC00683897 /* NftDetailVC.swift */ = {isa = PBXFileReference; lastKnownFileType = sourcecode.swift; path = NftDetailVC.swift; sourceTree = "<group>"; };
		BB31A1AE2BE25BF700683897 /* NftDetailViewModel.swift */ = {isa = PBXFileReference; lastKnownFileType = sourcecode.swift; path = NftDetailViewModel.swift; sourceTree = "<group>"; };
		BB31A1B02BE25C1400683897 /* NftDetailScreen.swift */ = {isa = PBXFileReference; lastKnownFileType = sourcecode.swift; path = NftDetailScreen.swift; sourceTree = "<group>"; };
		BB3F46A52BDD9AFE0099EDA5 /* NftFilterCollectioViewCell.swift */ = {isa = PBXFileReference; lastKnownFileType = sourcecode.swift; path = NftFilterCollectioViewCell.swift; sourceTree = "<group>"; };
		BB3F46A82BDD9B480099EDA5 /* NftFilterCollectionViewCellScreen.swift */ = {isa = PBXFileReference; lastKnownFileType = sourcecode.swift; path = NftFilterCollectionViewCellScreen.swift; sourceTree = "<group>"; };
		BB51A4822BC93893003AC1FB /* AppBackFront.app */ = {isa = PBXFileReference; explicitFileType = wrapper.application; includeInIndex = 0; path = AppBackFront.app; sourceTree = BUILT_PRODUCTS_DIR; };
		BB51A4852BC93893003AC1FB /* AppDelegate.swift */ = {isa = PBXFileReference; lastKnownFileType = sourcecode.swift; path = AppDelegate.swift; sourceTree = "<group>"; };
		BB51A4872BC93893003AC1FB /* SceneDelegate.swift */ = {isa = PBXFileReference; lastKnownFileType = sourcecode.swift; path = SceneDelegate.swift; sourceTree = "<group>"; };
		BB51A48E2BC93896003AC1FB /* Assets.xcassets */ = {isa = PBXFileReference; lastKnownFileType = folder.assetcatalog; path = Assets.xcassets; sourceTree = "<group>"; };
		BB51A4912BC93896003AC1FB /* Base */ = {isa = PBXFileReference; lastKnownFileType = file.storyboard; name = Base; path = Base.lproj/LaunchScreen.storyboard; sourceTree = "<group>"; };
		BB51A4932BC93896003AC1FB /* Info.plist */ = {isa = PBXFileReference; lastKnownFileType = text.plist.xml; path = Info.plist; sourceTree = "<group>"; };
		BB51A49A2BC940B6003AC1FB /* LoginVC.swift */ = {isa = PBXFileReference; lastKnownFileType = sourcecode.swift; path = LoginVC.swift; sourceTree = "<group>"; };
		BB51A49E2BC9413C003AC1FB /* LoginScreen.swift */ = {isa = PBXFileReference; lastKnownFileType = sourcecode.swift; path = LoginScreen.swift; sourceTree = "<group>"; };
		BBBBED7C2BD90F4D00D22B54 /* GoogleService-Info.plist */ = {isa = PBXFileReference; fileEncoding = 4; lastKnownFileType = text.plist.xml; path = "GoogleService-Info.plist"; sourceTree = "<group>"; };
		BBBBED902BD9134200D22B54 /* UIViewController+Extension.swift */ = {isa = PBXFileReference; lastKnownFileType = sourcecode.swift; path = "UIViewController+Extension.swift"; sourceTree = "<group>"; };
		BBBBED922BD9191100D22B54 /* String+Extension.swift */ = {isa = PBXFileReference; lastKnownFileType = sourcecode.swift; path = "String+Extension.swift"; sourceTree = "<group>"; };
		BBD73AF92BDD08F800B3D09A /* HomeViewModel.swift */ = {isa = PBXFileReference; lastKnownFileType = sourcecode.swift; path = HomeViewModel.swift; sourceTree = "<group>"; };
		BBD73AFD2BDD09B500B3D09A /* HomeService.swift */ = {isa = PBXFileReference; lastKnownFileType = sourcecode.swift; path = HomeService.swift; sourceTree = "<group>"; };
		BBD73AFF2BDD09F600B3D09A /* GenericService.swift */ = {isa = PBXFileReference; lastKnownFileType = sourcecode.swift; path = GenericService.swift; sourceTree = "<group>"; };
		BBD73B022BDD0B6500B3D09A /* HomeData.json */ = {isa = PBXFileReference; fileEncoding = 4; lastKnownFileType = text.json; path = HomeData.json; sourceTree = "<group>"; };
		BBD73B052BDD0C3000B3D09A /* NFTData.swift */ = {isa = PBXFileReference; lastKnownFileType = sourcecode.swift; path = NFTData.swift; sourceTree = "<group>"; };
/* End PBXFileReference section */

/* Begin PBXFrameworksBuildPhase section */
		BB51A47F2BC93893003AC1FB /* Frameworks */ = {
			isa = PBXFrameworksBuildPhase;
			buildActionMask = 2147483647;
			files = (
				BBBBED8B2BD910CE00D22B54 /* FirebaseAuth in Frameworks */,
				BBBBED8D2BD910D500D22B54 /* FirebaseCrashlytics in Frameworks */,
				097EBE01CBFA6CB99C780F94 /* Pods_AppBackFront.framework in Frameworks */,
			);
			runOnlyForDeploymentPostprocessing = 0;
		};
/* End PBXFrameworksBuildPhase section */

/* Begin PBXGroup section */
		2994C78D2BDEFE370B0E14E1 /* Pods */ = {
			isa = PBXGroup;
			children = (
				412B78566DE22D4F6442DB0D /* Pods-AppBackFront.debug.xcconfig */,
				23E1546F395980654F058806 /* Pods-AppBackFront.release.xcconfig */,
			);
			path = Pods;
			sourceTree = "<group>";
		};
		BB0637842BDBAA02005B7B4D /* Alert */ = {
			isa = PBXGroup;
			children = (
				BB0637852BDBAA1E005B7B4D /* AlertController.swift */,
			);
			path = Alert;
			sourceTree = "<group>";
		};
		BB0637872BDBAF39005B7B4D /* TabBarController */ = {
			isa = PBXGroup;
			children = (
				BB0637882BDBAF5F005B7B4D /* TabBarVC.swift */,
			);
			path = TabBarController;
			sourceTree = "<group>";
		};
		BB06378A2BDBAF9C005B7B4D /* Feature */ = {
			isa = PBXGroup;
			children = (
				BB31A1A92BE25BB500683897 /* NftDetail */,
				BB3F46A32BDD9AD10099EDA5 /* Cells */,
				BB06378B2BDBAFC1005B7B4D /* Home */,
				BB51A4992BC9409E003AC1FB /* Login */,
			);
			path = Feature;
			sourceTree = "<group>";
		};
		BB06378B2BDBAFC1005B7B4D /* Home */ = {
			isa = PBXGroup;
			children = (
				BBD73AF82BDD08CF00B3D09A /* ViewModel */,
				BB06378D2BDBAFCD005B7B4D /* Screen */,
				BB06378C2BDBAFC9005B7B4D /* VC */,
			);
			path = Home;
			sourceTree = "<group>";
		};
		BB06378C2BDBAFC9005B7B4D /* VC */ = {
			isa = PBXGroup;
			children = (
				BB06378E2BDBB005005B7B4D /* HomeVC.swift */,
			);
			path = VC;
			sourceTree = "<group>";
		};
		BB06378D2BDBAFCD005B7B4D /* Screen */ = {
			isa = PBXGroup;
			children = (
				BB0637902BDBB1FE005B7B4D /* HomeScreen.swift */,
			);
			path = Screen;
			sourceTree = "<group>";
		};
		BB0CD8762BE0F39A00E74E81 /* NftTableViewCell */ = {
			isa = PBXGroup;
			children = (
				BB0CD8792BE0F5BB00E74E81 /* Screen */,
				BB0CD8772BE0F3D000E74E81 /* NftTableViewCell.swift */,
			);
			path = NftTableViewCell;
			sourceTree = "<group>";
		};
		BB0CD8792BE0F5BB00E74E81 /* Screen */ = {
			isa = PBXGroup;
			children = (
				BB0CD87A2BE0F5D100E74E81 /* NftTableViewCellScreen.swift */,
			);
			path = Screen;
			sourceTree = "<group>";
		};
		BB31A1A92BE25BB500683897 /* NftDetail */ = {
			isa = PBXGroup;
			children = (
				BB31A1AD2BE25BDF00683897 /* ViewModel */,
				BB31A1AC2BE25BD800683897 /* Screen */,
				BB31A1AA2BE25BCC00683897 /* NftDetailVC.swift */,
			);
			path = NftDetail;
			sourceTree = "<group>";
		};
		BB31A1AC2BE25BD800683897 /* Screen */ = {
			isa = PBXGroup;
			children = (
				BB31A1B02BE25C1400683897 /* NftDetailScreen.swift */,
			);
			path = Screen;
			sourceTree = "<group>";
		};
		BB31A1AD2BE25BDF00683897 /* ViewModel */ = {
			isa = PBXGroup;
			children = (
				BB31A1AE2BE25BF700683897 /* NftDetailViewModel.swift */,
			);
			path = ViewModel;
			sourceTree = "<group>";
		};
		BB3F46A32BDD9AD10099EDA5 /* Cells */ = {
			isa = PBXGroup;
			children = (
				BB0CD8762BE0F39A00E74E81 /* NftTableViewCell */,
				BB3F46A42BDD9AD90099EDA5 /* NftFilterCollectionViewCell */,
			);
			path = Cells;
			sourceTree = "<group>";
		};
		BB3F46A42BDD9AD90099EDA5 /* NftFilterCollectionViewCell */ = {
			isa = PBXGroup;
			children = (
				BB3F46A72BDD9B2A0099EDA5 /* Screen */,
				BB3F46A52BDD9AFE0099EDA5 /* NftFilterCollectioViewCell.swift */,
			);
			path = NftFilterCollectionViewCell;
			sourceTree = "<group>";
		};
		BB3F46A72BDD9B2A0099EDA5 /* Screen */ = {
			isa = PBXGroup;
			children = (
				BB3F46A82BDD9B480099EDA5 /* NftFilterCollectionViewCellScreen.swift */,
			);
			path = Screen;
			sourceTree = "<group>";
		};
		BB51A4792BC93893003AC1FB = {
			isa = PBXGroup;
			children = (
				BB51A4842BC93893003AC1FB /* AppBackFront */,
				BB51A4832BC93893003AC1FB /* Products */,
				BBBBED892BD910CE00D22B54 /* Frameworks */,
				2994C78D2BDEFE370B0E14E1 /* Pods */,
			);
			sourceTree = "<group>";
		};
		BB51A4832BC93893003AC1FB /* Products */ = {
			isa = PBXGroup;
			children = (
				BB51A4822BC93893003AC1FB /* AppBackFront.app */,
			);
			name = Products;
			sourceTree = "<group>";
		};
		BB51A4842BC93893003AC1FB /* AppBackFront */ = {
			isa = PBXGroup;
			children = (
				BBD73B042BDD0C2100B3D09A /* Model */,
				BBD73B012BDD0B4300B3D09A /* Json */,
				BBD73AFB2BDD094700B3D09A /* Services */,
				BB06378A2BDBAF9C005B7B4D /* Feature */,
				BB0637872BDBAF39005B7B4D /* TabBarController */,
				BB0637842BDBAA02005B7B4D /* Alert */,
				BBBBED8E2BD912E700D22B54 /* Utils */,
				BB51A4852BC93893003AC1FB /* AppDelegate.swift */,
				BB51A4872BC93893003AC1FB /* SceneDelegate.swift */,
				BB51A48E2BC93896003AC1FB /* Assets.xcassets */,
				BB51A4902BC93896003AC1FB /* LaunchScreen.storyboard */,
				BBBBED7C2BD90F4D00D22B54 /* GoogleService-Info.plist */,
				BB51A4932BC93896003AC1FB /* Info.plist */,
			);
			path = AppBackFront;
			sourceTree = "<group>";
		};
		BB51A4992BC9409E003AC1FB /* Login */ = {
			isa = PBXGroup;
			children = (
				BB51A49D2BC940D3003AC1FB /* Screen */,
				BB51A49C2BC940BB003AC1FB /* VC */,
			);
			path = Login;
			sourceTree = "<group>";
		};
		BB51A49C2BC940BB003AC1FB /* VC */ = {
			isa = PBXGroup;
			children = (
				BB51A49A2BC940B6003AC1FB /* LoginVC.swift */,
			);
			path = VC;
			sourceTree = "<group>";
		};
		BB51A49D2BC940D3003AC1FB /* Screen */ = {
			isa = PBXGroup;
			children = (
				BB51A49E2BC9413C003AC1FB /* LoginScreen.swift */,
			);
			path = Screen;
			sourceTree = "<group>";
		};
		BBBBED892BD910CE00D22B54 /* Frameworks */ = {
			isa = PBXGroup;
			children = (
				6F5D65A6C79DEEB278B664ED /* Pods_AppBackFront.framework */,
			);
			name = Frameworks;
			sourceTree = "<group>";
		};
		BBBBED8E2BD912E700D22B54 /* Utils */ = {
			isa = PBXGroup;
			children = (
				BBBBED8F2BD912F200D22B54 /* Extension */,
			);
			path = Utils;
			sourceTree = "<group>";
		};
		BBBBED8F2BD912F200D22B54 /* Extension */ = {
			isa = PBXGroup;
			children = (
				BBBBED902BD9134200D22B54 /* UIViewController+Extension.swift */,
				BBBBED922BD9191100D22B54 /* String+Extension.swift */,
			);
			path = Extension;
			sourceTree = "<group>";
		};
		BBD73AF82BDD08CF00B3D09A /* ViewModel */ = {
			isa = PBXGroup;
			children = (
				BBD73AF92BDD08F800B3D09A /* HomeViewModel.swift */,
			);
			path = ViewModel;
			sourceTree = "<group>";
		};
		BBD73AFB2BDD094700B3D09A /* Services */ = {
			isa = PBXGroup;
			children = (
				BBD73AFC2BDD099D00B3D09A /* HomeService */,
				BBD73AFF2BDD09F600B3D09A /* GenericService.swift */,
			);
			path = Services;
			sourceTree = "<group>";
		};
		BBD73AFC2BDD099D00B3D09A /* HomeService */ = {
			isa = PBXGroup;
			children = (
				BBD73AFD2BDD09B500B3D09A /* HomeService.swift */,
			);
			path = HomeService;
			sourceTree = "<group>";
		};
		BBD73B012BDD0B4300B3D09A /* Json */ = {
			isa = PBXGroup;
			children = (
				BBD73B022BDD0B6500B3D09A /* HomeData.json */,
			);
			path = Json;
			sourceTree = "<group>";
		};
		BBD73B042BDD0C2100B3D09A /* Model */ = {
			isa = PBXGroup;
			children = (
				BBD73B052BDD0C3000B3D09A /* NFTData.swift */,
			);
			path = Model;
			sourceTree = "<group>";
		};
/* End PBXGroup section */

/* Begin PBXNativeTarget section */
		BB51A4812BC93893003AC1FB /* AppBackFront */ = {
			isa = PBXNativeTarget;
			buildConfigurationList = BB51A4962BC93896003AC1FB /* Build configuration list for PBXNativeTarget "AppBackFront" */;
			buildPhases = (
				64C578FCD235B7952599990C /* [CP] Check Pods Manifest.lock */,
				BB51A47E2BC93893003AC1FB /* Sources */,
				BB51A47F2BC93893003AC1FB /* Frameworks */,
				BB51A4802BC93893003AC1FB /* Resources */,
				908D35C0241B561E50D8DD25 /* [CP] Embed Pods Frameworks */,
			);
			buildRules = (
			);
			dependencies = (
			);
			name = AppBackFront;
			packageProductDependencies = (
				BBBBED8A2BD910CE00D22B54 /* FirebaseAuth */,
				BBBBED8C2BD910D500D22B54 /* FirebaseCrashlytics */,
			);
			productName = AppBackFront;
			productReference = BB51A4822BC93893003AC1FB /* AppBackFront.app */;
			productType = "com.apple.product-type.application";
		};
/* End PBXNativeTarget section */

/* Begin PBXProject section */
		BB51A47A2BC93893003AC1FB /* Project object */ = {
			isa = PBXProject;
			attributes = {
				BuildIndependentTargetsInParallel = 1;
				LastSwiftUpdateCheck = 1520;
				LastUpgradeCheck = 1520;
				TargetAttributes = {
					BB51A4812BC93893003AC1FB = {
						CreatedOnToolsVersion = 15.2;
					};
				};
			};
			buildConfigurationList = BB51A47D2BC93893003AC1FB /* Build configuration list for PBXProject "AppBackFront" */;
			compatibilityVersion = "Xcode 14.0";
			developmentRegion = en;
			hasScannedForEncodings = 0;
			knownRegions = (
				en,
				Base,
			);
			mainGroup = BB51A4792BC93893003AC1FB;
			packageReferences = (
				BBBBED7E2BD9104000D22B54 /* XCRemoteSwiftPackageReference "firebase-ios-sdk" */,
			);
			productRefGroup = BB51A4832BC93893003AC1FB /* Products */;
			projectDirPath = "";
			projectRoot = "";
			targets = (
				BB51A4812BC93893003AC1FB /* AppBackFront */,
			);
		};
/* End PBXProject section */

/* Begin PBXResourcesBuildPhase section */
		BB51A4802BC93893003AC1FB /* Resources */ = {
			isa = PBXResourcesBuildPhase;
			buildActionMask = 2147483647;
			files = (
				BBD73B032BDD0B6500B3D09A /* HomeData.json in Resources */,
				BB51A4922BC93896003AC1FB /* LaunchScreen.storyboard in Resources */,
				BB51A48F2BC93896003AC1FB /* Assets.xcassets in Resources */,
				BBBBED7D2BD90F4D00D22B54 /* GoogleService-Info.plist in Resources */,
			);
			runOnlyForDeploymentPostprocessing = 0;
		};
/* End PBXResourcesBuildPhase section */

/* Begin PBXShellScriptBuildPhase section */
		64C578FCD235B7952599990C /* [CP] Check Pods Manifest.lock */ = {
			isa = PBXShellScriptBuildPhase;
			buildActionMask = 2147483647;
			files = (
			);
			inputFileListPaths = (
			);
			inputPaths = (
				"${PODS_PODFILE_DIR_PATH}/Podfile.lock",
				"${PODS_ROOT}/Manifest.lock",
			);
			name = "[CP] Check Pods Manifest.lock";
			outputFileListPaths = (
			);
			outputPaths = (
				"$(DERIVED_FILE_DIR)/Pods-AppBackFront-checkManifestLockResult.txt",
			);
			runOnlyForDeploymentPostprocessing = 0;
			shellPath = /bin/sh;
			shellScript = "diff \"${PODS_PODFILE_DIR_PATH}/Podfile.lock\" \"${PODS_ROOT}/Manifest.lock\" > /dev/null\nif [ $? != 0 ] ; then\n    # print error to STDERR\n    echo \"error: The sandbox is not in sync with the Podfile.lock. Run 'pod install' or update your CocoaPods installation.\" >&2\n    exit 1\nfi\n# This output is used by Xcode 'outputs' to avoid re-running this script phase.\necho \"SUCCESS\" > \"${SCRIPT_OUTPUT_FILE_0}\"\n";
			showEnvVarsInLog = 0;
		};
		908D35C0241B561E50D8DD25 /* [CP] Embed Pods Frameworks */ = {
			isa = PBXShellScriptBuildPhase;
			buildActionMask = 2147483647;
			files = (
			);
			inputFileListPaths = (
				"${PODS_ROOT}/Target Support Files/Pods-AppBackFront/Pods-AppBackFront-frameworks-${CONFIGURATION}-input-files.xcfilelist",
			);
			name = "[CP] Embed Pods Frameworks";
			outputFileListPaths = (
				"${PODS_ROOT}/Target Support Files/Pods-AppBackFront/Pods-AppBackFront-frameworks-${CONFIGURATION}-output-files.xcfilelist",
			);
			runOnlyForDeploymentPostprocessing = 0;
			shellPath = /bin/sh;
			shellScript = "\"${PODS_ROOT}/Target Support Files/Pods-AppBackFront/Pods-AppBackFront-frameworks.sh\"\n";
			showEnvVarsInLog = 0;
		};
/* End PBXShellScriptBuildPhase section */

/* Begin PBXSourcesBuildPhase section */
		BB51A47E2BC93893003AC1FB /* Sources */ = {
			isa = PBXSourcesBuildPhase;
			buildActionMask = 2147483647;
			files = (
				BB51A4862BC93893003AC1FB /* AppDelegate.swift in Sources */,
				BBD73AFA2BDD08F800B3D09A /* HomeViewModel.swift in Sources */,
				BB51A49F2BC9413C003AC1FB /* LoginScreen.swift in Sources */,
				BB51A4882BC93893003AC1FB /* SceneDelegate.swift in Sources */,
				BB06378F2BDBB005005B7B4D /* HomeVC.swift in Sources */,
				BBBBED912BD9134200D22B54 /* UIViewController+Extension.swift in Sources */,
				BBD73B002BDD09F600B3D09A /* GenericService.swift in Sources */,
				BB3F46A92BDD9B480099EDA5 /* NftFilterCollectionViewCellScreen.swift in Sources */,
				BBD73AFE2BDD09B500B3D09A /* HomeService.swift in Sources */,
				BB0637862BDBAA1E005B7B4D /* AlertController.swift in Sources */,
				BB0637912BDBB1FE005B7B4D /* HomeScreen.swift in Sources */,
				BBD73B062BDD0C3000B3D09A /* NFTData.swift in Sources */,
				BBBBED932BD9191100D22B54 /* String+Extension.swift in Sources */,
				BB3F46A62BDD9AFE0099EDA5 /* NftFilterCollectioViewCell.swift in Sources */,
				BB31A1AF2BE25BF700683897 /* NftDetailViewModel.swift in Sources */,
				BB31A1AB2BE25BCC00683897 /* NftDetailVC.swift in Sources */,
				BB0637892BDBAF5F005B7B4D /* TabBarVC.swift in Sources */,
				BB51A49B2BC940B6003AC1FB /* LoginVC.swift in Sources */,
				BB0CD87B2BE0F5D100E74E81 /* NftTableViewCellScreen.swift in Sources */,
				BB0CD8782BE0F3D000E74E81 /* NftTableViewCell.swift in Sources */,
				BB31A1B12BE25C1400683897 /* NftDetailScreen.swift in Sources */,
			);
			runOnlyForDeploymentPostprocessing = 0;
		};
/* End PBXSourcesBuildPhase section */

/* Begin PBXVariantGroup section */
		BB51A4902BC93896003AC1FB /* LaunchScreen.storyboard */ = {
			isa = PBXVariantGroup;
			children = (
				BB51A4912BC93896003AC1FB /* Base */,
			);
			name = LaunchScreen.storyboard;
			sourceTree = "<group>";
		};
/* End PBXVariantGroup section */

/* Begin XCBuildConfiguration section */
		BB51A4942BC93896003AC1FB /* Debug */ = {
			isa = XCBuildConfiguration;
			buildSettings = {
				ALWAYS_SEARCH_USER_PATHS = NO;
				ASSETCATALOG_COMPILER_GENERATE_SWIFT_ASSET_SYMBOL_EXTENSIONS = YES;
				CLANG_ANALYZER_NONNULL = YES;
				CLANG_ANALYZER_NUMBER_OBJECT_CONVERSION = YES_AGGRESSIVE;
				CLANG_CXX_LANGUAGE_STANDARD = "gnu++20";
				CLANG_ENABLE_MODULES = YES;
				CLANG_ENABLE_OBJC_ARC = YES;
				CLANG_ENABLE_OBJC_WEAK = YES;
				CLANG_WARN_BLOCK_CAPTURE_AUTORELEASING = YES;
				CLANG_WARN_BOOL_CONVERSION = YES;
				CLANG_WARN_COMMA = YES;
				CLANG_WARN_CONSTANT_CONVERSION = YES;
				CLANG_WARN_DEPRECATED_OBJC_IMPLEMENTATIONS = YES;
				CLANG_WARN_DIRECT_OBJC_ISA_USAGE = YES_ERROR;
				CLANG_WARN_DOCUMENTATION_COMMENTS = YES;
				CLANG_WARN_EMPTY_BODY = YES;
				CLANG_WARN_ENUM_CONVERSION = YES;
				CLANG_WARN_INFINITE_RECURSION = YES;
				CLANG_WARN_INT_CONVERSION = YES;
				CLANG_WARN_NON_LITERAL_NULL_CONVERSION = YES;
				CLANG_WARN_OBJC_IMPLICIT_RETAIN_SELF = YES;
				CLANG_WARN_OBJC_LITERAL_CONVERSION = YES;
				CLANG_WARN_OBJC_ROOT_CLASS = YES_ERROR;
				CLANG_WARN_QUOTED_INCLUDE_IN_FRAMEWORK_HEADER = YES;
				CLANG_WARN_RANGE_LOOP_ANALYSIS = YES;
				CLANG_WARN_STRICT_PROTOTYPES = YES;
				CLANG_WARN_SUSPICIOUS_MOVE = YES;
				CLANG_WARN_UNGUARDED_AVAILABILITY = YES_AGGRESSIVE;
				CLANG_WARN_UNREACHABLE_CODE = YES;
				CLANG_WARN__DUPLICATE_METHOD_MATCH = YES;
				COPY_PHASE_STRIP = NO;
				DEBUG_INFORMATION_FORMAT = dwarf;
				ENABLE_STRICT_OBJC_MSGSEND = YES;
				ENABLE_TESTABILITY = YES;
				ENABLE_USER_SCRIPT_SANDBOXING = YES;
				GCC_C_LANGUAGE_STANDARD = gnu17;
				GCC_DYNAMIC_NO_PIC = NO;
				GCC_NO_COMMON_BLOCKS = YES;
				GCC_OPTIMIZATION_LEVEL = 0;
				GCC_PREPROCESSOR_DEFINITIONS = (
					"DEBUG=1",
					"$(inherited)",
				);
				GCC_WARN_64_TO_32_BIT_CONVERSION = YES;
				GCC_WARN_ABOUT_RETURN_TYPE = YES_ERROR;
				GCC_WARN_UNDECLARED_SELECTOR = YES;
				GCC_WARN_UNINITIALIZED_AUTOS = YES_AGGRESSIVE;
				GCC_WARN_UNUSED_FUNCTION = YES;
				GCC_WARN_UNUSED_VARIABLE = YES;
				IPHONEOS_DEPLOYMENT_TARGET = 17.2;
				LOCALIZATION_PREFERS_STRING_CATALOGS = YES;
				MTL_ENABLE_DEBUG_INFO = INCLUDE_SOURCE;
				MTL_FAST_MATH = YES;
				ONLY_ACTIVE_ARCH = YES;
				SDKROOT = iphoneos;
				SWIFT_ACTIVE_COMPILATION_CONDITIONS = "DEBUG $(inherited)";
				SWIFT_OPTIMIZATION_LEVEL = "-Onone";
			};
			name = Debug;
		};
		BB51A4952BC93896003AC1FB /* Release */ = {
			isa = XCBuildConfiguration;
			buildSettings = {
				ALWAYS_SEARCH_USER_PATHS = NO;
				ASSETCATALOG_COMPILER_GENERATE_SWIFT_ASSET_SYMBOL_EXTENSIONS = YES;
				CLANG_ANALYZER_NONNULL = YES;
				CLANG_ANALYZER_NUMBER_OBJECT_CONVERSION = YES_AGGRESSIVE;
				CLANG_CXX_LANGUAGE_STANDARD = "gnu++20";
				CLANG_ENABLE_MODULES = YES;
				CLANG_ENABLE_OBJC_ARC = YES;
				CLANG_ENABLE_OBJC_WEAK = YES;
				CLANG_WARN_BLOCK_CAPTURE_AUTORELEASING = YES;
				CLANG_WARN_BOOL_CONVERSION = YES;
				CLANG_WARN_COMMA = YES;
				CLANG_WARN_CONSTANT_CONVERSION = YES;
				CLANG_WARN_DEPRECATED_OBJC_IMPLEMENTATIONS = YES;
				CLANG_WARN_DIRECT_OBJC_ISA_USAGE = YES_ERROR;
				CLANG_WARN_DOCUMENTATION_COMMENTS = YES;
				CLANG_WARN_EMPTY_BODY = YES;
				CLANG_WARN_ENUM_CONVERSION = YES;
				CLANG_WARN_INFINITE_RECURSION = YES;
				CLANG_WARN_INT_CONVERSION = YES;
				CLANG_WARN_NON_LITERAL_NULL_CONVERSION = YES;
				CLANG_WARN_OBJC_IMPLICIT_RETAIN_SELF = YES;
				CLANG_WARN_OBJC_LITERAL_CONVERSION = YES;
				CLANG_WARN_OBJC_ROOT_CLASS = YES_ERROR;
				CLANG_WARN_QUOTED_INCLUDE_IN_FRAMEWORK_HEADER = YES;
				CLANG_WARN_RANGE_LOOP_ANALYSIS = YES;
				CLANG_WARN_STRICT_PROTOTYPES = YES;
				CLANG_WARN_SUSPICIOUS_MOVE = YES;
				CLANG_WARN_UNGUARDED_AVAILABILITY = YES_AGGRESSIVE;
				CLANG_WARN_UNREACHABLE_CODE = YES;
				CLANG_WARN__DUPLICATE_METHOD_MATCH = YES;
				COPY_PHASE_STRIP = NO;
				DEBUG_INFORMATION_FORMAT = "dwarf-with-dsym";
				ENABLE_NS_ASSERTIONS = NO;
				ENABLE_STRICT_OBJC_MSGSEND = YES;
				ENABLE_USER_SCRIPT_SANDBOXING = YES;
				GCC_C_LANGUAGE_STANDARD = gnu17;
				GCC_NO_COMMON_BLOCKS = YES;
				GCC_WARN_64_TO_32_BIT_CONVERSION = YES;
				GCC_WARN_ABOUT_RETURN_TYPE = YES_ERROR;
				GCC_WARN_UNDECLARED_SELECTOR = YES;
				GCC_WARN_UNINITIALIZED_AUTOS = YES_AGGRESSIVE;
				GCC_WARN_UNUSED_FUNCTION = YES;
				GCC_WARN_UNUSED_VARIABLE = YES;
				IPHONEOS_DEPLOYMENT_TARGET = 17.2;
				LOCALIZATION_PREFERS_STRING_CATALOGS = YES;
				MTL_ENABLE_DEBUG_INFO = NO;
				MTL_FAST_MATH = YES;
				SDKROOT = iphoneos;
				SWIFT_COMPILATION_MODE = wholemodule;
				VALIDATE_PRODUCT = YES;
			};
			name = Release;
		};
		BB51A4972BC93896003AC1FB /* Debug */ = {
			isa = XCBuildConfiguration;
			baseConfigurationReference = 412B78566DE22D4F6442DB0D /* Pods-AppBackFront.debug.xcconfig */;
			buildSettings = {
				ASSETCATALOG_COMPILER_APPICON_NAME = AppIcon;
				ASSETCATALOG_COMPILER_GLOBAL_ACCENT_COLOR_NAME = AccentColor;
				CODE_SIGN_STYLE = Automatic;
				CURRENT_PROJECT_VERSION = 1;
				DEVELOPMENT_TEAM = Q9FMLRW284;
				ENABLE_USER_SCRIPT_SANDBOXING = NO;
				GENERATE_INFOPLIST_FILE = YES;
				INFOPLIST_FILE = AppBackFront/Info.plist;
				INFOPLIST_KEY_UIApplicationSupportsIndirectInputEvents = YES;
				INFOPLIST_KEY_UILaunchStoryboardName = LaunchScreen;
				INFOPLIST_KEY_UISupportedInterfaceOrientations_iPad = "UIInterfaceOrientationPortrait UIInterfaceOrientationPortraitUpsideDown UIInterfaceOrientationLandscapeLeft UIInterfaceOrientationLandscapeRight";
				INFOPLIST_KEY_UISupportedInterfaceOrientations_iPhone = "UIInterfaceOrientationPortrait UIInterfaceOrientationLandscapeLeft UIInterfaceOrientationLandscapeRight";
				IPHONEOS_DEPLOYMENT_TARGET = 15.6;
				LD_RUNPATH_SEARCH_PATHS = (
					"$(inherited)",
					"@executable_path/Frameworks",
				);
				MARKETING_VERSION = 1.0;
				PRODUCT_BUNDLE_IDENTIFIER = com.hoffmann.AppBackFront;
				PRODUCT_NAME = "$(TARGET_NAME)";
				SUPPORTED_PLATFORMS = "iphoneos iphonesimulator";
				SUPPORTS_MACCATALYST = NO;
				SUPPORTS_MAC_DESIGNED_FOR_IPHONE_IPAD = NO;
				SUPPORTS_XR_DESIGNED_FOR_IPHONE_IPAD = NO;
				SWIFT_EMIT_LOC_STRINGS = YES;
				SWIFT_VERSION = 5.0;
				TARGETED_DEVICE_FAMILY = 1;
			};
			name = Debug;
		};
		BB51A4982BC93896003AC1FB /* Release */ = {
			isa = XCBuildConfiguration;
			baseConfigurationReference = 23E1546F395980654F058806 /* Pods-AppBackFront.release.xcconfig */;
			buildSettings = {
				ASSETCATALOG_COMPILER_APPICON_NAME = AppIcon;
				ASSETCATALOG_COMPILER_GLOBAL_ACCENT_COLOR_NAME = AccentColor;
				CODE_SIGN_STYLE = Automatic;
				CURRENT_PROJECT_VERSION = 1;
				DEVELOPMENT_TEAM = Q9FMLRW284;
				ENABLE_USER_SCRIPT_SANDBOXING = NO;
				GENERATE_INFOPLIST_FILE = YES;
				INFOPLIST_FILE = AppBackFront/Info.plist;
				INFOPLIST_KEY_UIApplicationSupportsIndirectInputEvents = YES;
				INFOPLIST_KEY_UILaunchStoryboardName = LaunchScreen;
				INFOPLIST_KEY_UISupportedInterfaceOrientations_iPad = "UIInterfaceOrientationPortrait UIInterfaceOrientationPortraitUpsideDown UIInterfaceOrientationLandscapeLeft UIInterfaceOrientationLandscapeRight";
				INFOPLIST_KEY_UISupportedInterfaceOrientations_iPhone = "UIInterfaceOrientationPortrait UIInterfaceOrientationLandscapeLeft UIInterfaceOrientationLandscapeRight";
				IPHONEOS_DEPLOYMENT_TARGET = 15.6;
				LD_RUNPATH_SEARCH_PATHS = (
					"$(inherited)",
					"@executable_path/Frameworks",
				);
				MARKETING_VERSION = 1.0;
				PRODUCT_BUNDLE_IDENTIFIER = com.hoffmann.AppBackFront;
				PRODUCT_NAME = "$(TARGET_NAME)";
				SUPPORTED_PLATFORMS = "iphoneos iphonesimulator";
				SUPPORTS_MACCATALYST = NO;
				SUPPORTS_MAC_DESIGNED_FOR_IPHONE_IPAD = NO;
				SUPPORTS_XR_DESIGNED_FOR_IPHONE_IPAD = NO;
				SWIFT_EMIT_LOC_STRINGS = YES;
				SWIFT_VERSION = 5.0;
				TARGETED_DEVICE_FAMILY = 1;
			};
			name = Release;
		};
/* End XCBuildConfiguration section */

/* Begin XCConfigurationList section */
		BB51A47D2BC93893003AC1FB /* Build configuration list for PBXProject "AppBackFront" */ = {
			isa = XCConfigurationList;
			buildConfigurations = (
				BB51A4942BC93896003AC1FB /* Debug */,
				BB51A4952BC93896003AC1FB /* Release */,
			);
			defaultConfigurationIsVisible = 0;
			defaultConfigurationName = Release;
		};
		BB51A4962BC93896003AC1FB /* Build configuration list for PBXNativeTarget "AppBackFront" */ = {
			isa = XCConfigurationList;
			buildConfigurations = (
				BB51A4972BC93896003AC1FB /* Debug */,
				BB51A4982BC93896003AC1FB /* Release */,
			);
			defaultConfigurationIsVisible = 0;
			defaultConfigurationName = Release;
		};
/* End XCConfigurationList section */

/* Begin XCRemoteSwiftPackageReference section */
		BBBBED7E2BD9104000D22B54 /* XCRemoteSwiftPackageReference "firebase-ios-sdk" */ = {
			isa = XCRemoteSwiftPackageReference;
			repositoryURL = "https://github.com/firebase/firebase-ios-sdk";
			requirement = {
				kind = upToNextMajorVersion;
				minimumVersion = 10.24.0;
			};
		};
/* End XCRemoteSwiftPackageReference section */

/* Begin XCSwiftPackageProductDependency section */
		BBBBED8A2BD910CE00D22B54 /* FirebaseAuth */ = {
			isa = XCSwiftPackageProductDependency;
			package = BBBBED7E2BD9104000D22B54 /* XCRemoteSwiftPackageReference "firebase-ios-sdk" */;
			productName = FirebaseAuth;
		};
		BBBBED8C2BD910D500D22B54 /* FirebaseCrashlytics */ = {
			isa = XCSwiftPackageProductDependency;
			package = BBBBED7E2BD9104000D22B54 /* XCRemoteSwiftPackageReference "firebase-ios-sdk" */;
			productName = FirebaseCrashlytics;
		};
/* End XCSwiftPackageProductDependency section */
	};
	rootObject = BB51A47A2BC93893003AC1FB /* Project object */;
}
